// !$*UTF8*$!
{
	archiveVersion = 1;
	classes = {
	};
	objectVersion = 56;
	objects = {

/* Begin PBXBuildFile section */
		7184698D2AEA5F9D0021067E /* DataPersistenceEX04App.swift in Sources */ = {isa = PBXBuildFile; fileRef = 7184698C2AEA5F9D0021067E /* DataPersistenceEX04App.swift */; };
		7184698F2AEA5F9D0021067E /* ContentView.swift in Sources */ = {isa = PBXBuildFile; fileRef = 7184698E2AEA5F9D0021067E /* ContentView.swift */; };
		718469912AEA5F9E0021067E /* Assets.xcassets in Resources */ = {isa = PBXBuildFile; fileRef = 718469902AEA5F9E0021067E /* Assets.xcassets */; };
		718469942AEA5F9E0021067E /* Preview Assets.xcassets in Resources */ = {isa = PBXBuildFile; fileRef = 718469932AEA5F9E0021067E /* Preview Assets.xcassets */; };
		7184699B2AEA605E0021067E /* FirstNavigationView.swift in Sources */ = {isa = PBXBuildFile; fileRef = 7184699A2AEA605E0021067E /* FirstNavigationView.swift */; };
		7184699D2AEA609C0021067E /* SecondNavigationView.swift in Sources */ = {isa = PBXBuildFile; fileRef = 7184699C2AEA609C0021067E /* SecondNavigationView.swift */; };
		7184699F2AEA60A80021067E /* ThirdNavigationView.swift in Sources */ = {isa = PBXBuildFile; fileRef = 7184699E2AEA60A80021067E /* ThirdNavigationView.swift */; };
		718469A12AEA60AF0021067E /* FourthNavigationView.swift in Sources */ = {isa = PBXBuildFile; fileRef = 718469A02AEA60AF0021067E /* FourthNavigationView.swift */; };
/* End PBXBuildFile section */

/* Begin PBXFileReference section */
		718469892AEA5F9D0021067E /* DataPersistenceEX04.app */ = {isa = PBXFileReference; explicitFileType = wrapper.application; includeInIndex = 0; path = DataPersistenceEX04.app; sourceTree = BUILT_PRODUCTS_DIR; };
		7184698C2AEA5F9D0021067E /* DataPersistenceEX04App.swift */ = {isa = PBXFileReference; lastKnownFileType = sourcecode.swift; path = DataPersistenceEX04App.swift; sourceTree = "<group>"; };
		7184698E2AEA5F9D0021067E /* ContentView.swift */ = {isa = PBXFileReference; lastKnownFileType = sourcecode.swift; path = ContentView.swift; sourceTree = "<group>"; };
		718469902AEA5F9E0021067E /* Assets.xcassets */ = {isa = PBXFileReference; lastKnownFileType = folder.assetcatalog; path = Assets.xcassets; sourceTree = "<group>"; };
		718469932AEA5F9E0021067E /* Preview Assets.xcassets */ = {isa = PBXFileReference; lastKnownFileType = folder.assetcatalog; path = "Preview Assets.xcassets"; sourceTree = "<group>"; };
		7184699A2AEA605E0021067E /* FirstNavigationView.swift */ = {isa = PBXFileReference; lastKnownFileType = sourcecode.swift; path = FirstNavigationView.swift; sourceTree = "<group>"; };
		7184699C2AEA609C0021067E /* SecondNavigationView.swift */ = {isa = PBXFileReference; lastKnownFileType = sourcecode.swift; path = SecondNavigationView.swift; sourceTree = "<group>"; };
		7184699E2AEA60A80021067E /* ThirdNavigationView.swift */ = {isa = PBXFileReference; lastKnownFileType = sourcecode.swift; path = ThirdNavigationView.swift; sourceTree = "<group>"; };
		718469A02AEA60AF0021067E /* FourthNavigationView.swift */ = {isa = PBXFileReference; lastKnownFileType = sourcecode.swift; path = FourthNavigationView.swift; sourceTree = "<group>"; };
/* End PBXFileReference section */

/* Begin PBXFrameworksBuildPhase section */
		718469862AEA5F9D0021067E /* Frameworks */ = {
			isa = PBXFrameworksBuildPhase;
			buildActionMask = 2147483647;
			files = (
			);
			runOnlyForDeploymentPostprocessing = 0;
		};
/* End PBXFrameworksBuildPhase section */

/* Begin PBXGroup section */
		718469802AEA5F9D0021067E = {
			isa = PBXGroup;
			children = (
				7184698B2AEA5F9D0021067E /* DataPersistenceEX04 */,
				7184698A2AEA5F9D0021067E /* Products */,
			);
			sourceTree = "<group>";
		};
		7184698A2AEA5F9D0021067E /* Products */ = {
			isa = PBXGroup;
			children = (
				718469892AEA5F9D0021067E /* DataPersistenceEX04.app */,
			);
			name = Products;
			sourceTree = "<group>";
		};
		7184698B2AEA5F9D0021067E /* DataPersistenceEX04 */ = {
			isa = PBXGroup;
			children = (
				7184698C2AEA5F9D0021067E /* DataPersistenceEX04App.swift */,
				7184698E2AEA5F9D0021067E /* ContentView.swift */,
				718469A02AEA60AF0021067E /* FourthNavigationView.swift */,
				7184699E2AEA60A80021067E /* ThirdNavigationView.swift */,
				7184699C2AEA609C0021067E /* SecondNavigationView.swift */,
				7184699A2AEA605E0021067E /* FirstNavigationView.swift */,
				718469902AEA5F9E0021067E /* Assets.xcassets */,
				718469922AEA5F9E0021067E /* Preview Content */,
			);
			path = DataPersistenceEX04;
			sourceTree = "<group>";
		};
		718469922AEA5F9E0021067E /* Preview Content */ = {
			isa = PBXGroup;
			children = (
				718469932AEA5F9E0021067E /* Preview Assets.xcassets */,
			);
			path = "Preview Content";
			sourceTree = "<group>";
		};
/* End PBXGroup section */

/* Begin PBXNativeTarget section */
		718469882AEA5F9D0021067E /* DataPersistenceEX04 */ = {
			isa = PBXNativeTarget;
			buildConfigurationList = 718469972AEA5F9E0021067E /* Build configuration list for PBXNativeTarget "DataPersistenceEX04" */;
			buildPhases = (
				718469852AEA5F9D0021067E /* Sources */,
				718469862AEA5F9D0021067E /* Frameworks */,
				718469872AEA5F9D0021067E /* Resources */,
			);
			buildRules = (
			);
			dependencies = (
			);
			name = DataPersistenceEX04;
			productName = DataPersistenceEX04;
			productReference = 718469892AEA5F9D0021067E /* DataPersistenceEX04.app */;
			productType = "com.apple.product-type.application";
		};
/* End PBXNativeTarget section */

/* Begin PBXProject section */
		718469812AEA5F9D0021067E /* Project object */ = {
			isa = PBXProject;
			attributes = {
				BuildIndependentTargetsInParallel = 1;
				LastSwiftUpdateCheck = 1500;
				LastUpgradeCheck = 1500;
				TargetAttributes = {
					718469882AEA5F9D0021067E = {
						CreatedOnToolsVersion = 15.0.1;
					};
				};
			};
			buildConfigurationList = 718469842AEA5F9D0021067E /* Build configuration list for PBXProject "DataPersistenceEX04" */;
			compatibilityVersion = "Xcode 14.0";
			developmentRegion = en;
			hasScannedForEncodings = 0;
			knownRegions = (
				en,
				Base,
			);
			mainGroup = 718469802AEA5F9D0021067E;
			productRefGroup = 7184698A2AEA5F9D0021067E /* Products */;
			projectDirPath = "";
			projectRoot = "";
			targets = (
				718469882AEA5F9D0021067E /* DataPersistenceEX04 */,
			);
		};
/* End PBXProject section */

/* Begin PBXResourcesBuildPhase section */
		718469872AEA5F9D0021067E /* Resources */ = {
			isa = PBXResourcesBuildPhase;
			buildActionMask = 2147483647;
			files = (
				718469942AEA5F9E0021067E /* Preview Assets.xcassets in Resources */,
				718469912AEA5F9E0021067E /* Assets.xcassets in Resources */,
			);
			runOnlyForDeploymentPostprocessing = 0;
		};
/* End PBXResourcesBuildPhase section */

/* Begin PBXSourcesBuildPhase section */
		718469852AEA5F9D0021067E /* Sources */ = {
			isa = PBXSourcesBuildPhase;
			buildActionMask = 2147483647;
			files = (
				718469A12AEA60AF0021067E /* FourthNavigationView.swift in Sources */,
				7184699D2AEA609C0021067E /* SecondNavigationView.swift in Sources */,
				7184698F2AEA5F9D0021067E /* ContentView.swift in Sources */,
				7184699F2AEA60A80021067E /* ThirdNavigationView.swift in Sources */,
				7184698D2AEA5F9D0021067E /* DataPersistenceEX04App.swift in Sources */,
				7184699B2AEA605E0021067E /* FirstNavigationView.swift in Sources */,
			);
			runOnlyForDeploymentPostprocessing = 0;
		};
/* End PBXSourcesBuildPhase section */

/* Begin XCBuildConfiguration section */
		718469952AEA5F9E0021067E /* Debug */ = {
			isa = XCBuildConfiguration;
			buildSettings = {
				ALWAYS_SEARCH_USER_PATHS = NO;
				ASSETCATALOG_COMPILER_GENERATE_SWIFT_ASSET_SYMBOL_EXTENSIONS = YES;
				CLANG_ANALYZER_NONNULL = YES;
				CLANG_ANALYZER_NUMBER_OBJECT_CONVERSION = YES_AGGRESSIVE;
				CLANG_CXX_LANGUAGE_STANDARD = "gnu++20";
				CLANG_ENABLE_MODULES = YES;
				CLANG_ENABLE_OBJC_ARC = YES;
				CLANG_ENABLE_OBJC_WEAK = YES;
				CLANG_WARN_BLOCK_CAPTURE_AUTORELEASING = YES;
				CLANG_WARN_BOOL_CONVERSION = YES;
				CLANG_WARN_COMMA = YES;
				CLANG_WARN_CONSTANT_CONVERSION = YES;
				CLANG_WARN_DEPRECATED_OBJC_IMPLEMENTATIONS = YES;
				CLANG_WARN_DIRECT_OBJC_ISA_USAGE = YES_ERROR;
				CLANG_WARN_DOCUMENTATION_COMMENTS = YES;
				CLANG_WARN_EMPTY_BODY = YES;
				CLANG_WARN_ENUM_CONVERSION = YES;
				CLANG_WARN_INFINITE_RECURSION = YES;
				CLANG_WARN_INT_CONVERSION = YES;
				CLANG_WARN_NON_LITERAL_NULL_CONVERSION = YES;
				CLANG_WARN_OBJC_IMPLICIT_RETAIN_SELF = YES;
				CLANG_WARN_OBJC_LITERAL_CONVERSION = YES;
				CLANG_WARN_OBJC_ROOT_CLASS = YES_ERROR;
				CLANG_WARN_QUOTED_INCLUDE_IN_FRAMEWORK_HEADER = YES;
				CLANG_WARN_RANGE_LOOP_ANALYSIS = YES;
				CLANG_WARN_STRICT_PROTOTYPES = YES;
				CLANG_WARN_SUSPICIOUS_MOVE = YES;
				CLANG_WARN_UNGUARDED_AVAILABILITY = YES_AGGRESSIVE;
				CLANG_WARN_UNREACHABLE_CODE = YES;
				CLANG_WARN__DUPLICATE_METHOD_MATCH = YES;
				COPY_PHASE_STRIP = NO;
				DEBUG_INFORMATION_FORMAT = dwarf;
				ENABLE_STRICT_OBJC_MSGSEND = YES;
				ENABLE_TESTABILITY = YES;
				ENABLE_USER_SCRIPT_SANDBOXING = YES;
				GCC_C_LANGUAGE_STANDARD = gnu17;
				GCC_DYNAMIC_NO_PIC = NO;
				GCC_NO_COMMON_BLOCKS = YES;
				GCC_OPTIMIZATION_LEVEL = 0;
				GCC_PREPROCESSOR_DEFINITIONS = (
					"DEBUG=1",
					"$(inherited)",
				);
				GCC_WARN_64_TO_32_BIT_CONVERSION = YES;
				GCC_WARN_ABOUT_RETURN_TYPE = YES_ERROR;
				GCC_WARN_UNDECLARED_SELECTOR = YES;
				GCC_WARN_UNINITIALIZED_AUTOS = YES_AGGRESSIVE;
				GCC_WARN_UNUSED_FUNCTION = YES;
				GCC_WARN_UNUSED_VARIABLE = YES;
				IPHONEOS_DEPLOYMENT_TARGET = 17.0;
				LOCALIZATION_PREFERS_STRING_CATALOGS = YES;
				MTL_ENABLE_DEBUG_INFO = INCLUDE_SOURCE;
				MTL_FAST_MATH = YES;
				ONLY_ACTIVE_ARCH = YES;
				SDKROOT = iphoneos;
				SWIFT_ACTIVE_COMPILATION_CONDITIONS = "DEBUG $(inherited)";
				SWIFT_OPTIMIZATION_LEVEL = "-Onone";
			};
			name = Debug;
		};
		718469962AEA5F9E0021067E /* Release */ = {
			isa = XCBuildConfiguration;
			buildSettings = {
				ALWAYS_SEARCH_USER_PATHS = NO;
				ASSETCATALOG_COMPILER_GENERATE_SWIFT_ASSET_SYMBOL_EXTENSIONS = YES;
				CLANG_ANALYZER_NONNULL = YES;
				CLANG_ANALYZER_NUMBER_OBJECT_CONVERSION = YES_AGGRESSIVE;
				CLANG_CXX_LANGUAGE_STANDARD = "gnu++20";
				CLANG_ENABLE_MODULES = YES;
				CLANG_ENABLE_OBJC_ARC = YES;
				CLANG_ENABLE_OBJC_WEAK = YES;
				CLANG_WARN_BLOCK_CAPTURE_AUTORELEASING = YES;
				CLANG_WARN_BOOL_CONVERSION = YES;
				CLANG_WARN_COMMA = YES;
				CLANG_WARN_CONSTANT_CONVERSION = YES;
				CLANG_WARN_DEPRECATED_OBJC_IMPLEMENTATIONS = YES;
				CLANG_WARN_DIRECT_OBJC_ISA_USAGE = YES_ERROR;
				CLANG_WARN_DOCUMENTATION_COMMENTS = YES;
				CLANG_WARN_EMPTY_BODY = YES;
				CLANG_WARN_ENUM_CONVERSION = YES;
				CLANG_WARN_INFINITE_RECURSION = YES;
				CLANG_WARN_INT_CONVERSION = YES;
				CLANG_WARN_NON_LITERAL_NULL_CONVERSION = YES;
				CLANG_WARN_OBJC_IMPLICIT_RETAIN_SELF = YES;
				CLANG_WARN_OBJC_LITERAL_CONVERSION = YES;
				CLANG_WARN_OBJC_ROOT_CLASS = YES_ERROR;
				CLANG_WARN_QUOTED_INCLUDE_IN_FRAMEWORK_HEADER = YES;
				CLANG_WARN_RANGE_LOOP_ANALYSIS = YES;
				CLANG_WARN_STRICT_PROTOTYPES = YES;
				CLANG_WARN_SUSPICIOUS_MOVE = YES;
				CLANG_WARN_UNGUARDED_AVAILABILITY = YES_AGGRESSIVE;
				CLANG_WARN_UNREACHABLE_CODE = YES;
				CLANG_WARN__DUPLICATE_METHOD_MATCH = YES;
				COPY_PHASE_STRIP = NO;
				DEBUG_INFORMATION_FORMAT = "dwarf-with-dsym";
				ENABLE_NS_ASSERTIONS = NO;
				ENABLE_STRICT_OBJC_MSGSEND = YES;
				ENABLE_USER_SCRIPT_SANDBOXING = YES;
				GCC_C_LANGUAGE_STANDARD = gnu17;
				GCC_NO_COMMON_BLOCKS = YES;
				GCC_WARN_64_TO_32_BIT_CONVERSION = YES;
				GCC_WARN_ABOUT_RETURN_TYPE = YES_ERROR;
				GCC_WARN_UNDECLARED_SELECTOR = YES;
				GCC_WARN_UNINITIALIZED_AUTOS = YES_AGGRESSIVE;
				GCC_WARN_UNUSED_FUNCTION = YES;
				GCC_WARN_UNUSED_VARIABLE = YES;
				IPHONEOS_DEPLOYMENT_TARGET = 17.0;
				LOCALIZATION_PREFERS_STRING_CATALOGS = YES;
				MTL_ENABLE_DEBUG_INFO = NO;
				MTL_FAST_MATH = YES;
				SDKROOT = iphoneos;
				SWIFT_COMPILATION_MODE = wholemodule;
				VALIDATE_PRODUCT = YES;
			};
			name = Release;
		};
		718469982AEA5F9E0021067E /* Debug */ = {
			isa = XCBuildConfiguration;
			buildSettings = {
				ASSETCATALOG_COMPILER_APPICON_NAME = AppIcon;
				ASSETCATALOG_COMPILER_GLOBAL_ACCENT_COLOR_NAME = AccentColor;
				CODE_SIGN_STYLE = Automatic;
				CURRENT_PROJECT_VERSION = 1;
				DEVELOPMENT_ASSET_PATHS = "\"DataPersistenceEX04/Preview Content\"";
				DEVELOPMENT_TEAM = J3XZ67KDFK;
				ENABLE_PREVIEWS = YES;
				GENERATE_INFOPLIST_FILE = YES;
				INFOPLIST_KEY_UIApplicationSceneManifest_Generation = YES;
				INFOPLIST_KEY_UIApplicationSupportsIndirectInputEvents = YES;
				INFOPLIST_KEY_UILaunchScreen_Generation = YES;
				INFOPLIST_KEY_UISupportedInterfaceOrientations_iPad = "UIInterfaceOrientationPortrait UIInterfaceOrientationPortraitUpsideDown UIInterfaceOrientationLandscapeLeft UIInterfaceOrientationLandscapeRight";
				INFOPLIST_KEY_UISupportedInterfaceOrientations_iPhone = "UIInterfaceOrientationPortrait UIInterfaceOrientationLandscapeLeft UIInterfaceOrientationLandscapeRight";
				LD_RUNPATH_SEARCH_PATHS = (
					"$(inherited)",
					"@executable_path/Frameworks",
				);
				MARKETING_VERSION = 1.0;
				PRODUCT_BUNDLE_IDENTIFIER = Seonghyeon.DataPersistenceEX04;
				PRODUCT_NAME = "$(TARGET_NAME)";
				SWIFT_EMIT_LOC_STRINGS = YES;
				SWIFT_VERSION = 5.0;
				TARGETED_DEVICE_FAMILY = "1,2";
			};
			name = Debug;
		};
		718469992AEA5F9E0021067E /* Release */ = {
			isa = XCBuildConfiguration;
			buildSettings = {
				ASSETCATALOG_COMPILER_APPICON_NAME = AppIcon;
				ASSETCATALOG_COMPILER_GLOBAL_ACCENT_COLOR_NAME = AccentColor;
				CODE_SIGN_STYLE = Automatic;
				CURRENT_PROJECT_VERSION = 1;
				DEVELOPMENT_ASSET_PATHS = "\"DataPersistenceEX04/Preview Content\"";
				DEVELOPMENT_TEAM = J3XZ67KDFK;
				ENABLE_PREVIEWS = YES;
				GENERATE_INFOPLIST_FILE = YES;
				INFOPLIST_KEY_UIApplicationSceneManifest_Generation = YES;
				INFOPLIST_KEY_UIApplicationSupportsIndirectInputEvents = YES;
				INFOPLIST_KEY_UILaunchScreen_Generation = YES;
				INFOPLIST_KEY_UISupportedInterfaceOrientations_iPad = "UIInterfaceOrientationPortrait UIInterfaceOrientationPortraitUpsideDown UIInterfaceOrientationLandscapeLeft UIInterfaceOrientationLandscapeRight";
				INFOPLIST_KEY_UISupportedInterfaceOrientations_iPhone = "UIInterfaceOrientationPortrait UIInterfaceOrientationLandscapeLeft UIInterfaceOrientationLandscapeRight";
				LD_RUNPATH_SEARCH_PATHS = (
					"$(inherited)",
					"@executable_path/Frameworks",
				);
				MARKETING_VERSION = 1.0;
				PRODUCT_BUNDLE_IDENTIFIER = Seonghyeon.DataPersistenceEX04;
				PRODUCT_NAME = "$(TARGET_NAME)";
				SWIFT_EMIT_LOC_STRINGS = YES;
				SWIFT_VERSION = 5.0;
				TARGETED_DEVICE_FAMILY = "1,2";
			};
			name = Release;
		};
/* End XCBuildConfiguration section */

/* Begin XCConfigurationList section */
		718469842AEA5F9D0021067E /* Build configuration list for PBXProject "DataPersistenceEX04" */ = {
			isa = XCConfigurationList;
			buildConfigurations = (
				718469952AEA5F9E0021067E /* Debug */,
				718469962AEA5F9E0021067E /* Release */,
			);
			defaultConfigurationIsVisible = 0;
			defaultConfigurationName = Release;
		};
		718469972AEA5F9E0021067E /* Build configuration list for PBXNativeTarget "DataPersistenceEX04" */ = {
			isa = XCConfigurationList;
			buildConfigurations = (
				718469982AEA5F9E0021067E /* Debug */,
				718469992AEA5F9E0021067E /* Release */,
			);
			defaultConfigurationIsVisible = 0;
			defaultConfigurationName = Release;
		};
/* End XCConfigurationList section */
	};
	rootObject = 718469812AEA5F9D0021067E /* Project object */;
}
