// !$*UTF8*$!
{
	archiveVersion = 1;
	classes = {
	};
	objectVersion = 56;
	objects = {

/* Begin PBXBuildFile section */
		71557A6D2AD57F1B00114740 /* AppDelegate.swift in Sources */ = {isa = PBXBuildFile; fileRef = 71557A6C2AD57F1B00114740 /* AppDelegate.swift */; };
		71557A6F2AD57F1B00114740 /* SceneDelegate.swift in Sources */ = {isa = PBXBuildFile; fileRef = 71557A6E2AD57F1B00114740 /* SceneDelegate.swift */; };
		71557A712AD57F1B00114740 /* ViewController.swift in Sources */ = {isa = PBXBuildFile; fileRef = 71557A702AD57F1B00114740 /* ViewController.swift */; };
		71557A742AD57F1B00114740 /* Main.storyboard in Resources */ = {isa = PBXBuildFile; fileRef = 71557A722AD57F1B00114740 /* Main.storyboard */; };
		71557A762AD57F1C00114740 /* Assets.xcassets in Resources */ = {isa = PBXBuildFile; fileRef = 71557A752AD57F1C00114740 /* Assets.xcassets */; };
		71557A792AD57F1C00114740 /* LaunchScreen.storyboard in Resources */ = {isa = PBXBuildFile; fileRef = 71557A772AD57F1C00114740 /* LaunchScreen.storyboard */; };
		71557A812AD57FEF00114740 /* PopUp.storyboard in Resources */ = {isa = PBXBuildFile; fileRef = 71557A802AD57FEF00114740 /* PopUp.storyboard */; };
		71557A832AD581EB00114740 /* CustomPopUpViewController.swift in Sources */ = {isa = PBXBuildFile; fileRef = 71557A822AD581EB00114740 /* CustomPopUpViewController.swift */; };
		71557A862AD5837000114740 /* WebKit.framework in Frameworks */ = {isa = PBXBuildFile; fileRef = 71557A852AD5837000114740 /* WebKit.framework */; };
/* End PBXBuildFile section */

/* Begin PBXFileReference section */
		71557A692AD57F1B00114740 /* CustomPopUp_Tutorial_12.app */ = {isa = PBXFileReference; explicitFileType = wrapper.application; includeInIndex = 0; path = CustomPopUp_Tutorial_12.app; sourceTree = BUILT_PRODUCTS_DIR; };
		71557A6C2AD57F1B00114740 /* AppDelegate.swift */ = {isa = PBXFileReference; lastKnownFileType = sourcecode.swift; path = AppDelegate.swift; sourceTree = "<group>"; };
		71557A6E2AD57F1B00114740 /* SceneDelegate.swift */ = {isa = PBXFileReference; lastKnownFileType = sourcecode.swift; path = SceneDelegate.swift; sourceTree = "<group>"; };
		71557A702AD57F1B00114740 /* ViewController.swift */ = {isa = PBXFileReference; lastKnownFileType = sourcecode.swift; path = ViewController.swift; sourceTree = "<group>"; };
		71557A732AD57F1B00114740 /* Base */ = {isa = PBXFileReference; lastKnownFileType = file.storyboard; name = Base; path = Base.lproj/Main.storyboard; sourceTree = "<group>"; };
		71557A752AD57F1C00114740 /* Assets.xcassets */ = {isa = PBXFileReference; lastKnownFileType = folder.assetcatalog; path = Assets.xcassets; sourceTree = "<group>"; };
		71557A782AD57F1C00114740 /* Base */ = {isa = PBXFileReference; lastKnownFileType = file.storyboard; name = Base; path = Base.lproj/LaunchScreen.storyboard; sourceTree = "<group>"; };
		71557A7A2AD57F1C00114740 /* Info.plist */ = {isa = PBXFileReference; lastKnownFileType = text.plist.xml; path = Info.plist; sourceTree = "<group>"; };
		71557A802AD57FEF00114740 /* PopUp.storyboard */ = {isa = PBXFileReference; lastKnownFileType = file.storyboard; path = PopUp.storyboard; sourceTree = "<group>"; };
		71557A822AD581EB00114740 /* CustomPopUpViewController.swift */ = {isa = PBXFileReference; lastKnownFileType = sourcecode.swift; path = CustomPopUpViewController.swift; sourceTree = "<group>"; };
		71557A852AD5837000114740 /* WebKit.framework */ = {isa = PBXFileReference; lastKnownFileType = wrapper.framework; name = WebKit.framework; path = System/Library/Frameworks/WebKit.framework; sourceTree = SDKROOT; };
/* End PBXFileReference section */

/* Begin PBXFrameworksBuildPhase section */
		71557A662AD57F1B00114740 /* Frameworks */ = {
			isa = PBXFrameworksBuildPhase;
			buildActionMask = 2147483647;
			files = (
				71557A862AD5837000114740 /* WebKit.framework in Frameworks */,
			);
			runOnlyForDeploymentPostprocessing = 0;
		};
/* End PBXFrameworksBuildPhase section */

/* Begin PBXGroup section */
		71557A602AD57F1B00114740 = {
			isa = PBXGroup;
			children = (
				71557A6B2AD57F1B00114740 /* CustomPopUp_Tutorial_12 */,
				71557A6A2AD57F1B00114740 /* Products */,
				71557A842AD5837000114740 /* Frameworks */,
			);
			sourceTree = "<group>";
		};
		71557A6A2AD57F1B00114740 /* Products */ = {
			isa = PBXGroup;
			children = (
				71557A692AD57F1B00114740 /* CustomPopUp_Tutorial_12.app */,
			);
			name = Products;
			sourceTree = "<group>";
		};
		71557A6B2AD57F1B00114740 /* CustomPopUp_Tutorial_12 */ = {
			isa = PBXGroup;
			children = (
				71557A6C2AD57F1B00114740 /* AppDelegate.swift */,
				71557A6E2AD57F1B00114740 /* SceneDelegate.swift */,
				71557A702AD57F1B00114740 /* ViewController.swift */,
				71557A822AD581EB00114740 /* CustomPopUpViewController.swift */,
				71557A722AD57F1B00114740 /* Main.storyboard */,
				71557A802AD57FEF00114740 /* PopUp.storyboard */,
				71557A752AD57F1C00114740 /* Assets.xcassets */,
				71557A772AD57F1C00114740 /* LaunchScreen.storyboard */,
				71557A7A2AD57F1C00114740 /* Info.plist */,
			);
			path = CustomPopUp_Tutorial_12;
			sourceTree = "<group>";
		};
		71557A842AD5837000114740 /* Frameworks */ = {
			isa = PBXGroup;
			children = (
				71557A852AD5837000114740 /* WebKit.framework */,
			);
			name = Frameworks;
			sourceTree = "<group>";
		};
/* End PBXGroup section */

/* Begin PBXNativeTarget section */
		71557A682AD57F1B00114740 /* CustomPopUp_Tutorial_12 */ = {
			isa = PBXNativeTarget;
			buildConfigurationList = 71557A7D2AD57F1C00114740 /* Build configuration list for PBXNativeTarget "CustomPopUp_Tutorial_12" */;
			buildPhases = (
				71557A652AD57F1B00114740 /* Sources */,
				71557A662AD57F1B00114740 /* Frameworks */,
				71557A672AD57F1B00114740 /* Resources */,
			);
			buildRules = (
			);
			dependencies = (
			);
			name = CustomPopUp_Tutorial_12;
			productName = CustomPopUp_Tutorial_12;
			productReference = 71557A692AD57F1B00114740 /* CustomPopUp_Tutorial_12.app */;
			productType = "com.apple.product-type.application";
		};
/* End PBXNativeTarget section */

/* Begin PBXProject section */
		71557A612AD57F1B00114740 /* Project object */ = {
			isa = PBXProject;
			attributes = {
				BuildIndependentTargetsInParallel = 1;
				LastSwiftUpdateCheck = 1500;
				LastUpgradeCheck = 1500;
				TargetAttributes = {
					71557A682AD57F1B00114740 = {
						CreatedOnToolsVersion = 15.0;
					};
				};
			};
			buildConfigurationList = 71557A642AD57F1B00114740 /* Build configuration list for PBXProject "CustomPopUp_Tutorial_12" */;
			compatibilityVersion = "Xcode 14.0";
			developmentRegion = en;
			hasScannedForEncodings = 0;
			knownRegions = (
				en,
				Base,
			);
			mainGroup = 71557A602AD57F1B00114740;
			productRefGroup = 71557A6A2AD57F1B00114740 /* Products */;
			projectDirPath = "";
			projectRoot = "";
			targets = (
				71557A682AD57F1B00114740 /* CustomPopUp_Tutorial_12 */,
			);
		};
/* End PBXProject section */

/* Begin PBXResourcesBuildPhase section */
		71557A672AD57F1B00114740 /* Resources */ = {
			isa = PBXResourcesBuildPhase;
			buildActionMask = 2147483647;
			files = (
				71557A792AD57F1C00114740 /* LaunchScreen.storyboard in Resources */,
				71557A762AD57F1C00114740 /* Assets.xcassets in Resources */,
				71557A742AD57F1B00114740 /* Main.storyboard in Resources */,
				71557A812AD57FEF00114740 /* PopUp.storyboard in Resources */,
			);
			runOnlyForDeploymentPostprocessing = 0;
		};
/* End PBXResourcesBuildPhase section */

/* Begin PBXSourcesBuildPhase section */
		71557A652AD57F1B00114740 /* Sources */ = {
			isa = PBXSourcesBuildPhase;
			buildActionMask = 2147483647;
			files = (
				71557A832AD581EB00114740 /* CustomPopUpViewController.swift in Sources */,
				71557A712AD57F1B00114740 /* ViewController.swift in Sources */,
				71557A6D2AD57F1B00114740 /* AppDelegate.swift in Sources */,
				71557A6F2AD57F1B00114740 /* SceneDelegate.swift in Sources */,
			);
			runOnlyForDeploymentPostprocessing = 0;
		};
/* End PBXSourcesBuildPhase section */

/* Begin PBXVariantGroup section */
		71557A722AD57F1B00114740 /* Main.storyboard */ = {
			isa = PBXVariantGroup;
			children = (
				71557A732AD57F1B00114740 /* Base */,
			);
			name = Main.storyboard;
			sourceTree = "<group>";
		};
		71557A772AD57F1C00114740 /* LaunchScreen.storyboard */ = {
			isa = PBXVariantGroup;
			children = (
				71557A782AD57F1C00114740 /* Base */,
			);
			name = LaunchScreen.storyboard;
			sourceTree = "<group>";
		};
/* End PBXVariantGroup section */

/* Begin XCBuildConfiguration section */
		71557A7B2AD57F1C00114740 /* Debug */ = {
			isa = XCBuildConfiguration;
			buildSettings = {
				ALWAYS_SEARCH_USER_PATHS = NO;
				ASSETCATALOG_COMPILER_GENERATE_SWIFT_ASSET_SYMBOL_EXTENSIONS = YES;
				CLANG_ANALYZER_NONNULL = YES;
				CLANG_ANALYZER_NUMBER_OBJECT_CONVERSION = YES_AGGRESSIVE;
				CLANG_CXX_LANGUAGE_STANDARD = "gnu++20";
				CLANG_ENABLE_MODULES = YES;
				CLANG_ENABLE_OBJC_ARC = YES;
				CLANG_ENABLE_OBJC_WEAK = YES;
				CLANG_WARN_BLOCK_CAPTURE_AUTORELEASING = YES;
				CLANG_WARN_BOOL_CONVERSION = YES;
				CLANG_WARN_COMMA = YES;
				CLANG_WARN_CONSTANT_CONVERSION = YES;
				CLANG_WARN_DEPRECATED_OBJC_IMPLEMENTATIONS = YES;
				CLANG_WARN_DIRECT_OBJC_ISA_USAGE = YES_ERROR;
				CLANG_WARN_DOCUMENTATION_COMMENTS = YES;
				CLANG_WARN_EMPTY_BODY = YES;
				CLANG_WARN_ENUM_CONVERSION = YES;
				CLANG_WARN_INFINITE_RECURSION = YES;
				CLANG_WARN_INT_CONVERSION = YES;
				CLANG_WARN_NON_LITERAL_NULL_CONVERSION = YES;
				CLANG_WARN_OBJC_IMPLICIT_RETAIN_SELF = YES;
				CLANG_WARN_OBJC_LITERAL_CONVERSION = YES;
				CLANG_WARN_OBJC_ROOT_CLASS = YES_ERROR;
				CLANG_WARN_QUOTED_INCLUDE_IN_FRAMEWORK_HEADER = YES;
				CLANG_WARN_RANGE_LOOP_ANALYSIS = YES;
				CLANG_WARN_STRICT_PROTOTYPES = YES;
				CLANG_WARN_SUSPICIOUS_MOVE = YES;
				CLANG_WARN_UNGUARDED_AVAILABILITY = YES_AGGRESSIVE;
				CLANG_WARN_UNREACHABLE_CODE = YES;
				CLANG_WARN__DUPLICATE_METHOD_MATCH = YES;
				COPY_PHASE_STRIP = NO;
				DEBUG_INFORMATION_FORMAT = dwarf;
				ENABLE_STRICT_OBJC_MSGSEND = YES;
				ENABLE_TESTABILITY = YES;
				ENABLE_USER_SCRIPT_SANDBOXING = YES;
				GCC_C_LANGUAGE_STANDARD = gnu17;
				GCC_DYNAMIC_NO_PIC = NO;
				GCC_NO_COMMON_BLOCKS = YES;
				GCC_OPTIMIZATION_LEVEL = 0;
				GCC_PREPROCESSOR_DEFINITIONS = (
					"DEBUG=1",
					"$(inherited)",
				);
				GCC_WARN_64_TO_32_BIT_CONVERSION = YES;
				GCC_WARN_ABOUT_RETURN_TYPE = YES_ERROR;
				GCC_WARN_UNDECLARED_SELECTOR = YES;
				GCC_WARN_UNINITIALIZED_AUTOS = YES_AGGRESSIVE;
				GCC_WARN_UNUSED_FUNCTION = YES;
				GCC_WARN_UNUSED_VARIABLE = YES;
				IPHONEOS_DEPLOYMENT_TARGET = 17.0;
				LOCALIZATION_PREFERS_STRING_CATALOGS = YES;
				MTL_ENABLE_DEBUG_INFO = INCLUDE_SOURCE;
				MTL_FAST_MATH = YES;
				ONLY_ACTIVE_ARCH = YES;
				SDKROOT = iphoneos;
				SWIFT_ACTIVE_COMPILATION_CONDITIONS = "DEBUG $(inherited)";
				SWIFT_OPTIMIZATION_LEVEL = "-Onone";
			};
			name = Debug;
		};
		71557A7C2AD57F1C00114740 /* Release */ = {
			isa = XCBuildConfiguration;
			buildSettings = {
				ALWAYS_SEARCH_USER_PATHS = NO;
				ASSETCATALOG_COMPILER_GENERATE_SWIFT_ASSET_SYMBOL_EXTENSIONS = YES;
				CLANG_ANALYZER_NONNULL = YES;
				CLANG_ANALYZER_NUMBER_OBJECT_CONVERSION = YES_AGGRESSIVE;
				CLANG_CXX_LANGUAGE_STANDARD = "gnu++20";
				CLANG_ENABLE_MODULES = YES;
				CLANG_ENABLE_OBJC_ARC = YES;
				CLANG_ENABLE_OBJC_WEAK = YES;
				CLANG_WARN_BLOCK_CAPTURE_AUTORELEASING = YES;
				CLANG_WARN_BOOL_CONVERSION = YES;
				CLANG_WARN_COMMA = YES;
				CLANG_WARN_CONSTANT_CONVERSION = YES;
				CLANG_WARN_DEPRECATED_OBJC_IMPLEMENTATIONS = YES;
				CLANG_WARN_DIRECT_OBJC_ISA_USAGE = YES_ERROR;
				CLANG_WARN_DOCUMENTATION_COMMENTS = YES;
				CLANG_WARN_EMPTY_BODY = YES;
				CLANG_WARN_ENUM_CONVERSION = YES;
				CLANG_WARN_INFINITE_RECURSION = YES;
				CLANG_WARN_INT_CONVERSION = YES;
				CLANG_WARN_NON_LITERAL_NULL_CONVERSION = YES;
				CLANG_WARN_OBJC_IMPLICIT_RETAIN_SELF = YES;
				CLANG_WARN_OBJC_LITERAL_CONVERSION = YES;
				CLANG_WARN_OBJC_ROOT_CLASS = YES_ERROR;
				CLANG_WARN_QUOTED_INCLUDE_IN_FRAMEWORK_HEADER = YES;
				CLANG_WARN_RANGE_LOOP_ANALYSIS = YES;
				CLANG_WARN_STRICT_PROTOTYPES = YES;
				CLANG_WARN_SUSPICIOUS_MOVE = YES;
				CLANG_WARN_UNGUARDED_AVAILABILITY = YES_AGGRESSIVE;
				CLANG_WARN_UNREACHABLE_CODE = YES;
				CLANG_WARN__DUPLICATE_METHOD_MATCH = YES;
				COPY_PHASE_STRIP = NO;
				DEBUG_INFORMATION_FORMAT = "dwarf-with-dsym";
				ENABLE_NS_ASSERTIONS = NO;
				ENABLE_STRICT_OBJC_MSGSEND = YES;
				ENABLE_USER_SCRIPT_SANDBOXING = YES;
				GCC_C_LANGUAGE_STANDARD = gnu17;
				GCC_NO_COMMON_BLOCKS = YES;
				GCC_WARN_64_TO_32_BIT_CONVERSION = YES;
				GCC_WARN_ABOUT_RETURN_TYPE = YES_ERROR;
				GCC_WARN_UNDECLARED_SELECTOR = YES;
				GCC_WARN_UNINITIALIZED_AUTOS = YES_AGGRESSIVE;
				GCC_WARN_UNUSED_FUNCTION = YES;
				GCC_WARN_UNUSED_VARIABLE = YES;
				IPHONEOS_DEPLOYMENT_TARGET = 17.0;
				LOCALIZATION_PREFERS_STRING_CATALOGS = YES;
				MTL_ENABLE_DEBUG_INFO = NO;
				MTL_FAST_MATH = YES;
				SDKROOT = iphoneos;
				SWIFT_COMPILATION_MODE = wholemodule;
				VALIDATE_PRODUCT = YES;
			};
			name = Release;
		};
		71557A7E2AD57F1C00114740 /* Debug */ = {
			isa = XCBuildConfiguration;
			buildSettings = {
				ASSETCATALOG_COMPILER_APPICON_NAME = AppIcon;
				ASSETCATALOG_COMPILER_GLOBAL_ACCENT_COLOR_NAME = AccentColor;
				CODE_SIGN_STYLE = Automatic;
				CURRENT_PROJECT_VERSION = 1;
				DEVELOPMENT_TEAM = J3XZ67KDFK;
				GENERATE_INFOPLIST_FILE = YES;
				INFOPLIST_FILE = CustomPopUp_Tutorial_12/Info.plist;
				INFOPLIST_KEY_UIApplicationSupportsIndirectInputEvents = YES;
				INFOPLIST_KEY_UILaunchStoryboardName = LaunchScreen;
				INFOPLIST_KEY_UIMainStoryboardFile = Main;
				INFOPLIST_KEY_UISupportedInterfaceOrientations_iPad = "UIInterfaceOrientationPortrait UIInterfaceOrientationPortraitUpsideDown UIInterfaceOrientationLandscapeLeft UIInterfaceOrientationLandscapeRight";
				INFOPLIST_KEY_UISupportedInterfaceOrientations_iPhone = "UIInterfaceOrientationPortrait UIInterfaceOrientationLandscapeLeft UIInterfaceOrientationLandscapeRight";
				LD_RUNPATH_SEARCH_PATHS = (
					"$(inherited)",
					"@executable_path/Frameworks",
				);
				MARKETING_VERSION = 1.0;
				PRODUCT_BUNDLE_IDENTIFIER = "Seonghyeon.CustomPopUp-Tutorial-12";
				PRODUCT_NAME = "$(TARGET_NAME)";
				SWIFT_EMIT_LOC_STRINGS = YES;
				SWIFT_VERSION = 5.0;
				TARGETED_DEVICE_FAMILY = "1,2";
			};
			name = Debug;
		};
		71557A7F2AD57F1C00114740 /* Release */ = {
			isa = XCBuildConfiguration;
			buildSettings = {
				ASSETCATALOG_COMPILER_APPICON_NAME = AppIcon;
				ASSETCATALOG_COMPILER_GLOBAL_ACCENT_COLOR_NAME = AccentColor;
				CODE_SIGN_STYLE = Automatic;
				CURRENT_PROJECT_VERSION = 1;
				DEVELOPMENT_TEAM = J3XZ67KDFK;
				GENERATE_INFOPLIST_FILE = YES;
				INFOPLIST_FILE = CustomPopUp_Tutorial_12/Info.plist;
				INFOPLIST_KEY_UIApplicationSupportsIndirectInputEvents = YES;
				INFOPLIST_KEY_UILaunchStoryboardName = LaunchScreen;
				INFOPLIST_KEY_UIMainStoryboardFile = Main;
				INFOPLIST_KEY_UISupportedInterfaceOrientations_iPad = "UIInterfaceOrientationPortrait UIInterfaceOrientationPortraitUpsideDown UIInterfaceOrientationLandscapeLeft UIInterfaceOrientationLandscapeRight";
				INFOPLIST_KEY_UISupportedInterfaceOrientations_iPhone = "UIInterfaceOrientationPortrait UIInterfaceOrientationLandscapeLeft UIInterfaceOrientationLandscapeRight";
				LD_RUNPATH_SEARCH_PATHS = (
					"$(inherited)",
					"@executable_path/Frameworks",
				);
				MARKETING_VERSION = 1.0;
				PRODUCT_BUNDLE_IDENTIFIER = "Seonghyeon.CustomPopUp-Tutorial-12";
				PRODUCT_NAME = "$(TARGET_NAME)";
				SWIFT_EMIT_LOC_STRINGS = YES;
				SWIFT_VERSION = 5.0;
				TARGETED_DEVICE_FAMILY = "1,2";
			};
			name = Release;
		};
/* End XCBuildConfiguration section */

/* Begin XCConfigurationList section */
		71557A642AD57F1B00114740 /* Build configuration list for PBXProject "CustomPopUp_Tutorial_12" */ = {
			isa = XCConfigurationList;
			buildConfigurations = (
				71557A7B2AD57F1C00114740 /* Debug */,
				71557A7C2AD57F1C00114740 /* Release */,
			);
			defaultConfigurationIsVisible = 0;
			defaultConfigurationName = Release;
		};
		71557A7D2AD57F1C00114740 /* Build configuration list for PBXNativeTarget "CustomPopUp_Tutorial_12" */ = {
			isa = XCConfigurationList;
			buildConfigurations = (
				71557A7E2AD57F1C00114740 /* Debug */,
				71557A7F2AD57F1C00114740 /* Release */,
			);
			defaultConfigurationIsVisible = 0;
			defaultConfigurationName = Release;
		};
/* End XCConfigurationList section */
	};
	rootObject = 71557A612AD57F1B00114740 /* Project object */;
}
