// !$*UTF8*$!
{
	archiveVersion = 1;
	classes = {
	};
	objectVersion = 56;
	objects = {

/* Begin PBXBuildFile section */
		26D3A5EF82E3638BC2995778 /* Pods_QRCodeTutorial_04.framework in Frameworks */ = {isa = PBXBuildFile; fileRef = 990268FEA303CCBF82AA4839 /* Pods_QRCodeTutorial_04.framework */; };
		7173C3732AC0507800E1771C /* AppDelegate.swift in Sources */ = {isa = PBXBuildFile; fileRef = 7173C3722AC0507800E1771C /* AppDelegate.swift */; };
		7173C3752AC0507800E1771C /* SceneDelegate.swift in Sources */ = {isa = PBXBuildFile; fileRef = 7173C3742AC0507800E1771C /* SceneDelegate.swift */; };
		7173C3772AC0507800E1771C /* MainViewController.swift in Sources */ = {isa = PBXBuildFile; fileRef = 7173C3762AC0507800E1771C /* MainViewController.swift */; };
		7173C37A2AC0507800E1771C /* Main.storyboard in Resources */ = {isa = PBXBuildFile; fileRef = 7173C3782AC0507800E1771C /* Main.storyboard */; };
		7173C37C2AC0507A00E1771C /* Assets.xcassets in Resources */ = {isa = PBXBuildFile; fileRef = 7173C37B2AC0507A00E1771C /* Assets.xcassets */; };
		7173C37F2AC0507A00E1771C /* LaunchScreen.storyboard in Resources */ = {isa = PBXBuildFile; fileRef = 7173C37D2AC0507A00E1771C /* LaunchScreen.storyboard */; };
		7173C3882AC0531E00E1771C /* WebKit.framework in Frameworks */ = {isa = PBXBuildFile; fileRef = 7173C3872AC0531D00E1771C /* WebKit.framework */; };
/* End PBXBuildFile section */

/* Begin PBXFileReference section */
		07D3D09FEB5D113DCF0E5D07 /* Pods-QRCodeTutorial_04.release.xcconfig */ = {isa = PBXFileReference; includeInIndex = 1; lastKnownFileType = text.xcconfig; name = "Pods-QRCodeTutorial_04.release.xcconfig"; path = "Target Support Files/Pods-QRCodeTutorial_04/Pods-QRCodeTutorial_04.release.xcconfig"; sourceTree = "<group>"; };
		7173C36F2AC0507800E1771C /* QRCodeTutorial_04.app */ = {isa = PBXFileReference; explicitFileType = wrapper.application; includeInIndex = 0; path = QRCodeTutorial_04.app; sourceTree = BUILT_PRODUCTS_DIR; };
		7173C3722AC0507800E1771C /* AppDelegate.swift */ = {isa = PBXFileReference; lastKnownFileType = sourcecode.swift; path = AppDelegate.swift; sourceTree = "<group>"; };
		7173C3742AC0507800E1771C /* SceneDelegate.swift */ = {isa = PBXFileReference; lastKnownFileType = sourcecode.swift; path = SceneDelegate.swift; sourceTree = "<group>"; };
		7173C3762AC0507800E1771C /* MainViewController.swift */ = {isa = PBXFileReference; lastKnownFileType = sourcecode.swift; path = MainViewController.swift; sourceTree = "<group>"; };
		7173C3792AC0507800E1771C /* Base */ = {isa = PBXFileReference; lastKnownFileType = file.storyboard; name = Base; path = Base.lproj/Main.storyboard; sourceTree = "<group>"; };
		7173C37B2AC0507A00E1771C /* Assets.xcassets */ = {isa = PBXFileReference; lastKnownFileType = folder.assetcatalog; path = Assets.xcassets; sourceTree = "<group>"; };
		7173C37E2AC0507A00E1771C /* Base */ = {isa = PBXFileReference; lastKnownFileType = file.storyboard; name = Base; path = Base.lproj/LaunchScreen.storyboard; sourceTree = "<group>"; };
		7173C3802AC0507A00E1771C /* Info.plist */ = {isa = PBXFileReference; lastKnownFileType = text.plist.xml; path = Info.plist; sourceTree = "<group>"; };
		7173C3872AC0531D00E1771C /* WebKit.framework */ = {isa = PBXFileReference; lastKnownFileType = wrapper.framework; name = WebKit.framework; path = System/Library/Frameworks/WebKit.framework; sourceTree = SDKROOT; };
		8AC5BA566AB7D86B717106D5 /* Pods-QRCodeTutorial_04.debug.xcconfig */ = {isa = PBXFileReference; includeInIndex = 1; lastKnownFileType = text.xcconfig; name = "Pods-QRCodeTutorial_04.debug.xcconfig"; path = "Target Support Files/Pods-QRCodeTutorial_04/Pods-QRCodeTutorial_04.debug.xcconfig"; sourceTree = "<group>"; };
		990268FEA303CCBF82AA4839 /* Pods_QRCodeTutorial_04.framework */ = {isa = PBXFileReference; explicitFileType = wrapper.framework; includeInIndex = 0; path = Pods_QRCodeTutorial_04.framework; sourceTree = BUILT_PRODUCTS_DIR; };
/* End PBXFileReference section */

/* Begin PBXFrameworksBuildPhase section */
		7173C36C2AC0507800E1771C /* Frameworks */ = {
			isa = PBXFrameworksBuildPhase;
			buildActionMask = 2147483647;
			files = (
				7173C3882AC0531E00E1771C /* WebKit.framework in Frameworks */,
				26D3A5EF82E3638BC2995778 /* Pods_QRCodeTutorial_04.framework in Frameworks */,
			);
			runOnlyForDeploymentPostprocessing = 0;
		};
/* End PBXFrameworksBuildPhase section */

/* Begin PBXGroup section */
		7173C3662AC0507800E1771C = {
			isa = PBXGroup;
			children = (
				7173C3712AC0507800E1771C /* QRCodeTutorial_04 */,
				7173C3702AC0507800E1771C /* Products */,
				7173C3862AC0531D00E1771C /* Frameworks */,
				AD2B6CE68901F92B76BB0197 /* Pods */,
			);
			sourceTree = "<group>";
		};
		7173C3702AC0507800E1771C /* Products */ = {
			isa = PBXGroup;
			children = (
				7173C36F2AC0507800E1771C /* QRCodeTutorial_04.app */,
			);
			name = Products;
			sourceTree = "<group>";
		};
		7173C3712AC0507800E1771C /* QRCodeTutorial_04 */ = {
			isa = PBXGroup;
			children = (
				7173C3722AC0507800E1771C /* AppDelegate.swift */,
				7173C3742AC0507800E1771C /* SceneDelegate.swift */,
				7173C3762AC0507800E1771C /* MainViewController.swift */,
				7173C3782AC0507800E1771C /* Main.storyboard */,
				7173C37B2AC0507A00E1771C /* Assets.xcassets */,
				7173C37D2AC0507A00E1771C /* LaunchScreen.storyboard */,
				7173C3802AC0507A00E1771C /* Info.plist */,
			);
			path = QRCodeTutorial_04;
			sourceTree = "<group>";
		};
		7173C3862AC0531D00E1771C /* Frameworks */ = {
			isa = PBXGroup;
			children = (
				7173C3872AC0531D00E1771C /* WebKit.framework */,
				990268FEA303CCBF82AA4839 /* Pods_QRCodeTutorial_04.framework */,
			);
			name = Frameworks;
			sourceTree = "<group>";
		};
		AD2B6CE68901F92B76BB0197 /* Pods */ = {
			isa = PBXGroup;
			children = (
				8AC5BA566AB7D86B717106D5 /* Pods-QRCodeTutorial_04.debug.xcconfig */,
				07D3D09FEB5D113DCF0E5D07 /* Pods-QRCodeTutorial_04.release.xcconfig */,
			);
			path = Pods;
			sourceTree = "<group>";
		};
/* End PBXGroup section */

/* Begin PBXNativeTarget section */
		7173C36E2AC0507800E1771C /* QRCodeTutorial_04 */ = {
			isa = PBXNativeTarget;
			buildConfigurationList = 7173C3832AC0507A00E1771C /* Build configuration list for PBXNativeTarget "QRCodeTutorial_04" */;
			buildPhases = (
				51A258168877BF7DA23F2CAA /* [CP] Check Pods Manifest.lock */,
				7173C36B2AC0507800E1771C /* Sources */,
				7173C36C2AC0507800E1771C /* Frameworks */,
				7173C36D2AC0507800E1771C /* Resources */,
				F925489A70FE73FCE7ACA517 /* [CP] Embed Pods Frameworks */,
			);
			buildRules = (
			);
			dependencies = (
			);
			name = QRCodeTutorial_04;
			productName = QRCodeTutorial_04;
			productReference = 7173C36F2AC0507800E1771C /* QRCodeTutorial_04.app */;
			productType = "com.apple.product-type.application";
		};
/* End PBXNativeTarget section */

/* Begin PBXProject section */
		7173C3672AC0507800E1771C /* Project object */ = {
			isa = PBXProject;
			attributes = {
				BuildIndependentTargetsInParallel = 1;
				LastSwiftUpdateCheck = 1500;
				LastUpgradeCheck = 1500;
				TargetAttributes = {
					7173C36E2AC0507800E1771C = {
						CreatedOnToolsVersion = 15.0;
					};
				};
			};
			buildConfigurationList = 7173C36A2AC0507800E1771C /* Build configuration list for PBXProject "QRCodeTutorial_04" */;
			compatibilityVersion = "Xcode 14.0";
			developmentRegion = en;
			hasScannedForEncodings = 0;
			knownRegions = (
				en,
				Base,
			);
			mainGroup = 7173C3662AC0507800E1771C;
			productRefGroup = 7173C3702AC0507800E1771C /* Products */;
			projectDirPath = "";
			projectRoot = "";
			targets = (
				7173C36E2AC0507800E1771C /* QRCodeTutorial_04 */,
			);
		};
/* End PBXProject section */

/* Begin PBXResourcesBuildPhase section */
		7173C36D2AC0507800E1771C /* Resources */ = {
			isa = PBXResourcesBuildPhase;
			buildActionMask = 2147483647;
			files = (
				7173C37F2AC0507A00E1771C /* LaunchScreen.storyboard in Resources */,
				7173C37C2AC0507A00E1771C /* Assets.xcassets in Resources */,
				7173C37A2AC0507800E1771C /* Main.storyboard in Resources */,
			);
			runOnlyForDeploymentPostprocessing = 0;
		};
/* End PBXResourcesBuildPhase section */

/* Begin PBXShellScriptBuildPhase section */
		51A258168877BF7DA23F2CAA /* [CP] Check Pods Manifest.lock */ = {
			isa = PBXShellScriptBuildPhase;
			buildActionMask = 2147483647;
			files = (
			);
			inputFileListPaths = (
			);
			inputPaths = (
				"${PODS_PODFILE_DIR_PATH}/Podfile.lock",
				"${PODS_ROOT}/Manifest.lock",
			);
			name = "[CP] Check Pods Manifest.lock";
			outputFileListPaths = (
			);
			outputPaths = (
				"$(DERIVED_FILE_DIR)/Pods-QRCodeTutorial_04-checkManifestLockResult.txt",
			);
			runOnlyForDeploymentPostprocessing = 0;
			shellPath = /bin/sh;
			shellScript = "diff \"${PODS_PODFILE_DIR_PATH}/Podfile.lock\" \"${PODS_ROOT}/Manifest.lock\" > /dev/null\nif [ $? != 0 ] ; then\n    # print error to STDERR\n    echo \"error: The sandbox is not in sync with the Podfile.lock. Run 'pod install' or update your CocoaPods installation.\" >&2\n    exit 1\nfi\n# This output is used by Xcode 'outputs' to avoid re-running this script phase.\necho \"SUCCESS\" > \"${SCRIPT_OUTPUT_FILE_0}\"\n";
			showEnvVarsInLog = 0;
		};
		F925489A70FE73FCE7ACA517 /* [CP] Embed Pods Frameworks */ = {
			isa = PBXShellScriptBuildPhase;
			buildActionMask = 2147483647;
			files = (
			);
			inputFileListPaths = (
				"${PODS_ROOT}/Target Support Files/Pods-QRCodeTutorial_04/Pods-QRCodeTutorial_04-frameworks-${CONFIGURATION}-input-files.xcfilelist",
			);
			name = "[CP] Embed Pods Frameworks";
			outputFileListPaths = (
				"${PODS_ROOT}/Target Support Files/Pods-QRCodeTutorial_04/Pods-QRCodeTutorial_04-frameworks-${CONFIGURATION}-output-files.xcfilelist",
			);
			runOnlyForDeploymentPostprocessing = 0;
			shellPath = /bin/sh;
			shellScript = "\"${PODS_ROOT}/Target Support Files/Pods-QRCodeTutorial_04/Pods-QRCodeTutorial_04-frameworks.sh\"\n";
			showEnvVarsInLog = 0;
		};
/* End PBXShellScriptBuildPhase section */

/* Begin PBXSourcesBuildPhase section */
		7173C36B2AC0507800E1771C /* Sources */ = {
			isa = PBXSourcesBuildPhase;
			buildActionMask = 2147483647;
			files = (
				7173C3772AC0507800E1771C /* MainViewController.swift in Sources */,
				7173C3732AC0507800E1771C /* AppDelegate.swift in Sources */,
				7173C3752AC0507800E1771C /* SceneDelegate.swift in Sources */,
			);
			runOnlyForDeploymentPostprocessing = 0;
		};
/* End PBXSourcesBuildPhase section */

/* Begin PBXVariantGroup section */
		7173C3782AC0507800E1771C /* Main.storyboard */ = {
			isa = PBXVariantGroup;
			children = (
				7173C3792AC0507800E1771C /* Base */,
			);
			name = Main.storyboard;
			sourceTree = "<group>";
		};
		7173C37D2AC0507A00E1771C /* LaunchScreen.storyboard */ = {
			isa = PBXVariantGroup;
			children = (
				7173C37E2AC0507A00E1771C /* Base */,
			);
			name = LaunchScreen.storyboard;
			sourceTree = "<group>";
		};
/* End PBXVariantGroup section */

/* Begin XCBuildConfiguration section */
		7173C3812AC0507A00E1771C /* Debug */ = {
			isa = XCBuildConfiguration;
			buildSettings = {
				ALWAYS_SEARCH_USER_PATHS = NO;
				ASSETCATALOG_COMPILER_GENERATE_SWIFT_ASSET_SYMBOL_EXTENSIONS = YES;
				CLANG_ANALYZER_NONNULL = YES;
				CLANG_ANALYZER_NUMBER_OBJECT_CONVERSION = YES_AGGRESSIVE;
				CLANG_CXX_LANGUAGE_STANDARD = "gnu++20";
				CLANG_ENABLE_MODULES = YES;
				CLANG_ENABLE_OBJC_ARC = YES;
				CLANG_ENABLE_OBJC_WEAK = YES;
				CLANG_WARN_BLOCK_CAPTURE_AUTORELEASING = YES;
				CLANG_WARN_BOOL_CONVERSION = YES;
				CLANG_WARN_COMMA = YES;
				CLANG_WARN_CONSTANT_CONVERSION = YES;
				CLANG_WARN_DEPRECATED_OBJC_IMPLEMENTATIONS = YES;
				CLANG_WARN_DIRECT_OBJC_ISA_USAGE = YES_ERROR;
				CLANG_WARN_DOCUMENTATION_COMMENTS = YES;
				CLANG_WARN_EMPTY_BODY = YES;
				CLANG_WARN_ENUM_CONVERSION = YES;
				CLANG_WARN_INFINITE_RECURSION = YES;
				CLANG_WARN_INT_CONVERSION = YES;
				CLANG_WARN_NON_LITERAL_NULL_CONVERSION = YES;
				CLANG_WARN_OBJC_IMPLICIT_RETAIN_SELF = YES;
				CLANG_WARN_OBJC_LITERAL_CONVERSION = YES;
				CLANG_WARN_OBJC_ROOT_CLASS = YES_ERROR;
				CLANG_WARN_QUOTED_INCLUDE_IN_FRAMEWORK_HEADER = YES;
				CLANG_WARN_RANGE_LOOP_ANALYSIS = YES;
				CLANG_WARN_STRICT_PROTOTYPES = YES;
				CLANG_WARN_SUSPICIOUS_MOVE = YES;
				CLANG_WARN_UNGUARDED_AVAILABILITY = YES_AGGRESSIVE;
				CLANG_WARN_UNREACHABLE_CODE = YES;
				CLANG_WARN__DUPLICATE_METHOD_MATCH = YES;
				COPY_PHASE_STRIP = NO;
				DEBUG_INFORMATION_FORMAT = dwarf;
				ENABLE_STRICT_OBJC_MSGSEND = YES;
				ENABLE_TESTABILITY = YES;
				ENABLE_USER_SCRIPT_SANDBOXING = YES;
				GCC_C_LANGUAGE_STANDARD = gnu17;
				GCC_DYNAMIC_NO_PIC = NO;
				GCC_NO_COMMON_BLOCKS = YES;
				GCC_OPTIMIZATION_LEVEL = 0;
				GCC_PREPROCESSOR_DEFINITIONS = (
					"DEBUG=1",
					"$(inherited)",
				);
				GCC_WARN_64_TO_32_BIT_CONVERSION = YES;
				GCC_WARN_ABOUT_RETURN_TYPE = YES_ERROR;
				GCC_WARN_UNDECLARED_SELECTOR = YES;
				GCC_WARN_UNINITIALIZED_AUTOS = YES_AGGRESSIVE;
				GCC_WARN_UNUSED_FUNCTION = YES;
				GCC_WARN_UNUSED_VARIABLE = YES;
				IPHONEOS_DEPLOYMENT_TARGET = 17.0;
				LOCALIZATION_PREFERS_STRING_CATALOGS = YES;
				MTL_ENABLE_DEBUG_INFO = INCLUDE_SOURCE;
				MTL_FAST_MATH = YES;
				ONLY_ACTIVE_ARCH = YES;
				SDKROOT = iphoneos;
				SWIFT_ACTIVE_COMPILATION_CONDITIONS = "DEBUG $(inherited)";
				SWIFT_OPTIMIZATION_LEVEL = "-Onone";
			};
			name = Debug;
		};
		7173C3822AC0507A00E1771C /* Release */ = {
			isa = XCBuildConfiguration;
			buildSettings = {
				ALWAYS_SEARCH_USER_PATHS = NO;
				ASSETCATALOG_COMPILER_GENERATE_SWIFT_ASSET_SYMBOL_EXTENSIONS = YES;
				CLANG_ANALYZER_NONNULL = YES;
				CLANG_ANALYZER_NUMBER_OBJECT_CONVERSION = YES_AGGRESSIVE;
				CLANG_CXX_LANGUAGE_STANDARD = "gnu++20";
				CLANG_ENABLE_MODULES = YES;
				CLANG_ENABLE_OBJC_ARC = YES;
				CLANG_ENABLE_OBJC_WEAK = YES;
				CLANG_WARN_BLOCK_CAPTURE_AUTORELEASING = YES;
				CLANG_WARN_BOOL_CONVERSION = YES;
				CLANG_WARN_COMMA = YES;
				CLANG_WARN_CONSTANT_CONVERSION = YES;
				CLANG_WARN_DEPRECATED_OBJC_IMPLEMENTATIONS = YES;
				CLANG_WARN_DIRECT_OBJC_ISA_USAGE = YES_ERROR;
				CLANG_WARN_DOCUMENTATION_COMMENTS = YES;
				CLANG_WARN_EMPTY_BODY = YES;
				CLANG_WARN_ENUM_CONVERSION = YES;
				CLANG_WARN_INFINITE_RECURSION = YES;
				CLANG_WARN_INT_CONVERSION = YES;
				CLANG_WARN_NON_LITERAL_NULL_CONVERSION = YES;
				CLANG_WARN_OBJC_IMPLICIT_RETAIN_SELF = YES;
				CLANG_WARN_OBJC_LITERAL_CONVERSION = YES;
				CLANG_WARN_OBJC_ROOT_CLASS = YES_ERROR;
				CLANG_WARN_QUOTED_INCLUDE_IN_FRAMEWORK_HEADER = YES;
				CLANG_WARN_RANGE_LOOP_ANALYSIS = YES;
				CLANG_WARN_STRICT_PROTOTYPES = YES;
				CLANG_WARN_SUSPICIOUS_MOVE = YES;
				CLANG_WARN_UNGUARDED_AVAILABILITY = YES_AGGRESSIVE;
				CLANG_WARN_UNREACHABLE_CODE = YES;
				CLANG_WARN__DUPLICATE_METHOD_MATCH = YES;
				COPY_PHASE_STRIP = NO;
				DEBUG_INFORMATION_FORMAT = "dwarf-with-dsym";
				ENABLE_NS_ASSERTIONS = NO;
				ENABLE_STRICT_OBJC_MSGSEND = YES;
				ENABLE_USER_SCRIPT_SANDBOXING = YES;
				GCC_C_LANGUAGE_STANDARD = gnu17;
				GCC_NO_COMMON_BLOCKS = YES;
				GCC_WARN_64_TO_32_BIT_CONVERSION = YES;
				GCC_WARN_ABOUT_RETURN_TYPE = YES_ERROR;
				GCC_WARN_UNDECLARED_SELECTOR = YES;
				GCC_WARN_UNINITIALIZED_AUTOS = YES_AGGRESSIVE;
				GCC_WARN_UNUSED_FUNCTION = YES;
				GCC_WARN_UNUSED_VARIABLE = YES;
				IPHONEOS_DEPLOYMENT_TARGET = 17.0;
				LOCALIZATION_PREFERS_STRING_CATALOGS = YES;
				MTL_ENABLE_DEBUG_INFO = NO;
				MTL_FAST_MATH = YES;
				SDKROOT = iphoneos;
				SWIFT_COMPILATION_MODE = wholemodule;
				VALIDATE_PRODUCT = YES;
			};
			name = Release;
		};
		7173C3842AC0507A00E1771C /* Debug */ = {
			isa = XCBuildConfiguration;
			baseConfigurationReference = 8AC5BA566AB7D86B717106D5 /* Pods-QRCodeTutorial_04.debug.xcconfig */;
			buildSettings = {
				ASSETCATALOG_COMPILER_APPICON_NAME = AppIcon;
				ASSETCATALOG_COMPILER_GLOBAL_ACCENT_COLOR_NAME = AccentColor;
				CODE_SIGN_STYLE = Automatic;
				CURRENT_PROJECT_VERSION = 1;
				DEVELOPMENT_TEAM = J3XZ67KDFK;
				ENABLE_USER_SCRIPT_SANDBOXING = NO;
				GENERATE_INFOPLIST_FILE = YES;
				INFOPLIST_FILE = QRCodeTutorial_04/Info.plist;
				INFOPLIST_KEY_UIApplicationSupportsIndirectInputEvents = YES;
				INFOPLIST_KEY_UILaunchStoryboardName = LaunchScreen;
				INFOPLIST_KEY_UIMainStoryboardFile = Main;
				INFOPLIST_KEY_UISupportedInterfaceOrientations_iPad = "UIInterfaceOrientationPortrait UIInterfaceOrientationPortraitUpsideDown UIInterfaceOrientationLandscapeLeft UIInterfaceOrientationLandscapeRight";
				INFOPLIST_KEY_UISupportedInterfaceOrientations_iPhone = "UIInterfaceOrientationPortrait UIInterfaceOrientationLandscapeLeft UIInterfaceOrientationLandscapeRight";
				LD_RUNPATH_SEARCH_PATHS = (
					"$(inherited)",
					"@executable_path/Frameworks",
				);
				MARKETING_VERSION = 1.0;
				PRODUCT_BUNDLE_IDENTIFIER = "Seonghyeon.QRCodeTutorial-04";
				PRODUCT_NAME = "$(TARGET_NAME)";
				SWIFT_EMIT_LOC_STRINGS = YES;
				SWIFT_VERSION = 5.0;
				TARGETED_DEVICE_FAMILY = "1,2";
			};
			name = Debug;
		};
		7173C3852AC0507A00E1771C /* Release */ = {
			isa = XCBuildConfiguration;
			baseConfigurationReference = 07D3D09FEB5D113DCF0E5D07 /* Pods-QRCodeTutorial_04.release.xcconfig */;
			buildSettings = {
				ASSETCATALOG_COMPILER_APPICON_NAME = AppIcon;
				ASSETCATALOG_COMPILER_GLOBAL_ACCENT_COLOR_NAME = AccentColor;
				CODE_SIGN_STYLE = Automatic;
				CURRENT_PROJECT_VERSION = 1;
				DEVELOPMENT_TEAM = J3XZ67KDFK;
				ENABLE_USER_SCRIPT_SANDBOXING = NO;
				GENERATE_INFOPLIST_FILE = YES;
				INFOPLIST_FILE = QRCodeTutorial_04/Info.plist;
				INFOPLIST_KEY_UIApplicationSupportsIndirectInputEvents = YES;
				INFOPLIST_KEY_UILaunchStoryboardName = LaunchScreen;
				INFOPLIST_KEY_UIMainStoryboardFile = Main;
				INFOPLIST_KEY_UISupportedInterfaceOrientations_iPad = "UIInterfaceOrientationPortrait UIInterfaceOrientationPortraitUpsideDown UIInterfaceOrientationLandscapeLeft UIInterfaceOrientationLandscapeRight";
				INFOPLIST_KEY_UISupportedInterfaceOrientations_iPhone = "UIInterfaceOrientationPortrait UIInterfaceOrientationLandscapeLeft UIInterfaceOrientationLandscapeRight";
				LD_RUNPATH_SEARCH_PATHS = (
					"$(inherited)",
					"@executable_path/Frameworks",
				);
				MARKETING_VERSION = 1.0;
				PRODUCT_BUNDLE_IDENTIFIER = "Seonghyeon.QRCodeTutorial-04";
				PRODUCT_NAME = "$(TARGET_NAME)";
				SWIFT_EMIT_LOC_STRINGS = YES;
				SWIFT_VERSION = 5.0;
				TARGETED_DEVICE_FAMILY = "1,2";
			};
			name = Release;
		};
/* End XCBuildConfiguration section */

/* Begin XCConfigurationList section */
		7173C36A2AC0507800E1771C /* Build configuration list for PBXProject "QRCodeTutorial_04" */ = {
			isa = XCConfigurationList;
			buildConfigurations = (
				7173C3812AC0507A00E1771C /* Debug */,
				7173C3822AC0507A00E1771C /* Release */,
			);
			defaultConfigurationIsVisible = 0;
			defaultConfigurationName = Release;
		};
		7173C3832AC0507A00E1771C /* Build configuration list for PBXNativeTarget "QRCodeTutorial_04" */ = {
			isa = XCConfigurationList;
			buildConfigurations = (
				7173C3842AC0507A00E1771C /* Debug */,
				7173C3852AC0507A00E1771C /* Release */,
			);
			defaultConfigurationIsVisible = 0;
			defaultConfigurationName = Release;
		};
/* End XCConfigurationList section */
	};
	rootObject = 7173C3672AC0507800E1771C /* Project object */;
}
