// !$*UTF8*$!
{
	archiveVersion = 1;
	classes = {
	};
	objectVersion = 56;
	objects = {

/* Begin PBXBuildFile section */
		71A592B02AA5D914000DA8DB /* MyCollectionVC.swift in Sources */ = {isa = PBXBuildFile; fileRef = 71A592AF2AA5D914000DA8DB /* MyCollectionVC.swift */; };
		71A592B22AA5D98A000DA8DB /* MainVC.swift in Sources */ = {isa = PBXBuildFile; fileRef = 71A592B12AA5D98A000DA8DB /* MainVC.swift */; };
		71A592B42AA5DBAD000DA8DB /* MyCollectionViewCell.swift in Sources */ = {isa = PBXBuildFile; fileRef = 71A592B32AA5DBAD000DA8DB /* MyCollectionViewCell.swift */; };
		71A592B62AA5EB6E000DA8DB /* MyCustomCollectionViewCell.xib in Resources */ = {isa = PBXBuildFile; fileRef = 71A592B52AA5EB6E000DA8DB /* MyCustomCollectionViewCell.xib */; };
		71A592B82AA5EC23000DA8DB /* MyCustomCollectionViewCell.swift in Sources */ = {isa = PBXBuildFile; fileRef = 71A592B72AA5EC23000DA8DB /* MyCustomCollectionViewCell.swift */; };
		71F8DC712A98DA2400ED2FA8 /* AppDelegate.swift in Sources */ = {isa = PBXBuildFile; fileRef = 71F8DC702A98DA2400ED2FA8 /* AppDelegate.swift */; };
		71F8DC732A98DA2400ED2FA8 /* SceneDelegate.swift in Sources */ = {isa = PBXBuildFile; fileRef = 71F8DC722A98DA2400ED2FA8 /* SceneDelegate.swift */; };
		71F8DC752A98DA2400ED2FA8 /* MyTableVC.swift in Sources */ = {isa = PBXBuildFile; fileRef = 71F8DC742A98DA2400ED2FA8 /* MyTableVC.swift */; };
		71F8DC782A98DA2400ED2FA8 /* Main.storyboard in Resources */ = {isa = PBXBuildFile; fileRef = 71F8DC762A98DA2400ED2FA8 /* Main.storyboard */; };
		71F8DC7A2A98DA2500ED2FA8 /* Assets.xcassets in Resources */ = {isa = PBXBuildFile; fileRef = 71F8DC792A98DA2500ED2FA8 /* Assets.xcassets */; };
		71F8DC7D2A98DA2500ED2FA8 /* LaunchScreen.storyboard in Resources */ = {isa = PBXBuildFile; fileRef = 71F8DC7B2A98DA2500ED2FA8 /* LaunchScreen.storyboard */; };
		71F8DC852A98DA9F00ED2FA8 /* MyTableViewCell.xib in Resources */ = {isa = PBXBuildFile; fileRef = 71F8DC842A98DA9F00ED2FA8 /* MyTableViewCell.xib */; };
		71F8DC872A98E27B00ED2FA8 /* MyTableViewCell.swift in Sources */ = {isa = PBXBuildFile; fileRef = 71F8DC862A98E27B00ED2FA8 /* MyTableViewCell.swift */; };
/* End PBXBuildFile section */

/* Begin PBXFileReference section */
		71A592AF2AA5D914000DA8DB /* MyCollectionVC.swift */ = {isa = PBXFileReference; lastKnownFileType = sourcecode.swift; path = MyCollectionVC.swift; sourceTree = "<group>"; };
		71A592B12AA5D98A000DA8DB /* MainVC.swift */ = {isa = PBXFileReference; lastKnownFileType = sourcecode.swift; path = MainVC.swift; sourceTree = "<group>"; };
		71A592B32AA5DBAD000DA8DB /* MyCollectionViewCell.swift */ = {isa = PBXFileReference; lastKnownFileType = sourcecode.swift; path = MyCollectionViewCell.swift; sourceTree = "<group>"; };
		71A592B52AA5EB6E000DA8DB /* MyCustomCollectionViewCell.xib */ = {isa = PBXFileReference; lastKnownFileType = file.xib; path = MyCustomCollectionViewCell.xib; sourceTree = "<group>"; };
		71A592B72AA5EC23000DA8DB /* MyCustomCollectionViewCell.swift */ = {isa = PBXFileReference; lastKnownFileType = sourcecode.swift; path = MyCustomCollectionViewCell.swift; sourceTree = "<group>"; };
		71F8DC6D2A98DA2400ED2FA8 /* dynamic_table_view_tutorial.app */ = {isa = PBXFileReference; explicitFileType = wrapper.application; includeInIndex = 0; path = dynamic_table_view_tutorial.app; sourceTree = BUILT_PRODUCTS_DIR; };
		71F8DC702A98DA2400ED2FA8 /* AppDelegate.swift */ = {isa = PBXFileReference; lastKnownFileType = sourcecode.swift; path = AppDelegate.swift; sourceTree = "<group>"; };
		71F8DC722A98DA2400ED2FA8 /* SceneDelegate.swift */ = {isa = PBXFileReference; lastKnownFileType = sourcecode.swift; path = SceneDelegate.swift; sourceTree = "<group>"; };
		71F8DC742A98DA2400ED2FA8 /* MyTableVC.swift */ = {isa = PBXFileReference; lastKnownFileType = sourcecode.swift; path = MyTableVC.swift; sourceTree = "<group>"; };
		71F8DC772A98DA2400ED2FA8 /* Base */ = {isa = PBXFileReference; lastKnownFileType = file.storyboard; name = Base; path = Base.lproj/Main.storyboard; sourceTree = "<group>"; };
		71F8DC792A98DA2500ED2FA8 /* Assets.xcassets */ = {isa = PBXFileReference; lastKnownFileType = folder.assetcatalog; path = Assets.xcassets; sourceTree = "<group>"; };
		71F8DC7C2A98DA2500ED2FA8 /* Base */ = {isa = PBXFileReference; lastKnownFileType = file.storyboard; name = Base; path = Base.lproj/LaunchScreen.storyboard; sourceTree = "<group>"; };
		71F8DC7E2A98DA2500ED2FA8 /* Info.plist */ = {isa = PBXFileReference; lastKnownFileType = text.plist.xml; path = Info.plist; sourceTree = "<group>"; };
		71F8DC842A98DA9F00ED2FA8 /* MyTableViewCell.xib */ = {isa = PBXFileReference; lastKnownFileType = file.xib; path = MyTableViewCell.xib; sourceTree = "<group>"; };
		71F8DC862A98E27B00ED2FA8 /* MyTableViewCell.swift */ = {isa = PBXFileReference; lastKnownFileType = sourcecode.swift; path = MyTableViewCell.swift; sourceTree = "<group>"; };
/* End PBXFileReference section */

/* Begin PBXFrameworksBuildPhase section */
		71F8DC6A2A98DA2400ED2FA8 /* Frameworks */ = {
			isa = PBXFrameworksBuildPhase;
			buildActionMask = 2147483647;
			files = (
			);
			runOnlyForDeploymentPostprocessing = 0;
		};
/* End PBXFrameworksBuildPhase section */

/* Begin PBXGroup section */
		71F8DC642A98DA2400ED2FA8 = {
			isa = PBXGroup;
			children = (
				71F8DC6F2A98DA2400ED2FA8 /* dynamic_table_view_tutorial */,
				71F8DC6E2A98DA2400ED2FA8 /* Products */,
			);
			sourceTree = "<group>";
		};
		71F8DC6E2A98DA2400ED2FA8 /* Products */ = {
			isa = PBXGroup;
			children = (
				71F8DC6D2A98DA2400ED2FA8 /* dynamic_table_view_tutorial.app */,
			);
			name = Products;
			sourceTree = "<group>";
		};
		71F8DC6F2A98DA2400ED2FA8 /* dynamic_table_view_tutorial */ = {
			isa = PBXGroup;
			children = (
				71F8DC702A98DA2400ED2FA8 /* AppDelegate.swift */,
				71F8DC722A98DA2400ED2FA8 /* SceneDelegate.swift */,
				71F8DC762A98DA2400ED2FA8 /* Main.storyboard */,
				71A592B32AA5DBAD000DA8DB /* MyCollectionViewCell.swift */,
				71F8DC742A98DA2400ED2FA8 /* MyTableVC.swift */,
				71A592B52AA5EB6E000DA8DB /* MyCustomCollectionViewCell.xib */,
				71A592B72AA5EC23000DA8DB /* MyCustomCollectionViewCell.swift */,
				71A592B12AA5D98A000DA8DB /* MainVC.swift */,
				71A592AF2AA5D914000DA8DB /* MyCollectionVC.swift */,
				71F8DC862A98E27B00ED2FA8 /* MyTableViewCell.swift */,
				71F8DC842A98DA9F00ED2FA8 /* MyTableViewCell.xib */,
				71F8DC792A98DA2500ED2FA8 /* Assets.xcassets */,
				71F8DC7B2A98DA2500ED2FA8 /* LaunchScreen.storyboard */,
				71F8DC7E2A98DA2500ED2FA8 /* Info.plist */,
			);
			path = dynamic_table_view_tutorial;
			sourceTree = "<group>";
		};
/* End PBXGroup section */

/* Begin PBXNativeTarget section */
		71F8DC6C2A98DA2400ED2FA8 /* dynamic_table_view_tutorial */ = {
			isa = PBXNativeTarget;
			buildConfigurationList = 71F8DC812A98DA2500ED2FA8 /* Build configuration list for PBXNativeTarget "dynamic_table_view_tutorial" */;
			buildPhases = (
				71F8DC692A98DA2400ED2FA8 /* Sources */,
				71F8DC6A2A98DA2400ED2FA8 /* Frameworks */,
				71F8DC6B2A98DA2400ED2FA8 /* Resources */,
			);
			buildRules = (
			);
			dependencies = (
			);
			name = dynamic_table_view_tutorial;
			productName = dynamic_table_view_tutorial;
			productReference = 71F8DC6D2A98DA2400ED2FA8 /* dynamic_table_view_tutorial.app */;
			productType = "com.apple.product-type.application";
		};
/* End PBXNativeTarget section */

/* Begin PBXProject section */
		71F8DC652A98DA2400ED2FA8 /* Project object */ = {
			isa = PBXProject;
			attributes = {
				BuildIndependentTargetsInParallel = 1;
				LastSwiftUpdateCheck = 1430;
				LastUpgradeCheck = 1430;
				TargetAttributes = {
					71F8DC6C2A98DA2400ED2FA8 = {
						CreatedOnToolsVersion = 14.3.1;
					};
				};
			};
			buildConfigurationList = 71F8DC682A98DA2400ED2FA8 /* Build configuration list for PBXProject "dynamic_table_view_tutorial" */;
			compatibilityVersion = "Xcode 14.0";
			developmentRegion = en;
			hasScannedForEncodings = 0;
			knownRegions = (
				en,
				Base,
			);
			mainGroup = 71F8DC642A98DA2400ED2FA8;
			productRefGroup = 71F8DC6E2A98DA2400ED2FA8 /* Products */;
			projectDirPath = "";
			projectRoot = "";
			targets = (
				71F8DC6C2A98DA2400ED2FA8 /* dynamic_table_view_tutorial */,
			);
		};
/* End PBXProject section */

/* Begin PBXResourcesBuildPhase section */
		71F8DC6B2A98DA2400ED2FA8 /* Resources */ = {
			isa = PBXResourcesBuildPhase;
			buildActionMask = 2147483647;
			files = (
				71F8DC7D2A98DA2500ED2FA8 /* LaunchScreen.storyboard in Resources */,
				71F8DC852A98DA9F00ED2FA8 /* MyTableViewCell.xib in Resources */,
				71A592B62AA5EB6E000DA8DB /* MyCustomCollectionViewCell.xib in Resources */,
				71F8DC7A2A98DA2500ED2FA8 /* Assets.xcassets in Resources */,
				71F8DC782A98DA2400ED2FA8 /* Main.storyboard in Resources */,
			);
			runOnlyForDeploymentPostprocessing = 0;
		};
/* End PBXResourcesBuildPhase section */

/* Begin PBXSourcesBuildPhase section */
		71F8DC692A98DA2400ED2FA8 /* Sources */ = {
			isa = PBXSourcesBuildPhase;
			buildActionMask = 2147483647;
			files = (
				71F8DC752A98DA2400ED2FA8 /* MyTableVC.swift in Sources */,
				71A592B42AA5DBAD000DA8DB /* MyCollectionViewCell.swift in Sources */,
				71A592B22AA5D98A000DA8DB /* MainVC.swift in Sources */,
				71F8DC872A98E27B00ED2FA8 /* MyTableViewCell.swift in Sources */,
				71A592B02AA5D914000DA8DB /* MyCollectionVC.swift in Sources */,
				71F8DC712A98DA2400ED2FA8 /* AppDelegate.swift in Sources */,
				71A592B82AA5EC23000DA8DB /* MyCustomCollectionViewCell.swift in Sources */,
				71F8DC732A98DA2400ED2FA8 /* SceneDelegate.swift in Sources */,
			);
			runOnlyForDeploymentPostprocessing = 0;
		};
/* End PBXSourcesBuildPhase section */

/* Begin PBXVariantGroup section */
		71F8DC762A98DA2400ED2FA8 /* Main.storyboard */ = {
			isa = PBXVariantGroup;
			children = (
				71F8DC772A98DA2400ED2FA8 /* Base */,
			);
			name = Main.storyboard;
			sourceTree = "<group>";
		};
		71F8DC7B2A98DA2500ED2FA8 /* LaunchScreen.storyboard */ = {
			isa = PBXVariantGroup;
			children = (
				71F8DC7C2A98DA2500ED2FA8 /* Base */,
			);
			name = LaunchScreen.storyboard;
			sourceTree = "<group>";
		};
/* End PBXVariantGroup section */

/* Begin XCBuildConfiguration section */
		71F8DC7F2A98DA2500ED2FA8 /* Debug */ = {
			isa = XCBuildConfiguration;
			buildSettings = {
				ALWAYS_SEARCH_USER_PATHS = NO;
				CLANG_ANALYZER_NONNULL = YES;
				CLANG_ANALYZER_NUMBER_OBJECT_CONVERSION = YES_AGGRESSIVE;
				CLANG_CXX_LANGUAGE_STANDARD = "gnu++20";
				CLANG_ENABLE_MODULES = YES;
				CLANG_ENABLE_OBJC_ARC = YES;
				CLANG_ENABLE_OBJC_WEAK = YES;
				CLANG_WARN_BLOCK_CAPTURE_AUTORELEASING = YES;
				CLANG_WARN_BOOL_CONVERSION = YES;
				CLANG_WARN_COMMA = YES;
				CLANG_WARN_CONSTANT_CONVERSION = YES;
				CLANG_WARN_DEPRECATED_OBJC_IMPLEMENTATIONS = YES;
				CLANG_WARN_DIRECT_OBJC_ISA_USAGE = YES_ERROR;
				CLANG_WARN_DOCUMENTATION_COMMENTS = YES;
				CLANG_WARN_EMPTY_BODY = YES;
				CLANG_WARN_ENUM_CONVERSION = YES;
				CLANG_WARN_INFINITE_RECURSION = YES;
				CLANG_WARN_INT_CONVERSION = YES;
				CLANG_WARN_NON_LITERAL_NULL_CONVERSION = YES;
				CLANG_WARN_OBJC_IMPLICIT_RETAIN_SELF = YES;
				CLANG_WARN_OBJC_LITERAL_CONVERSION = YES;
				CLANG_WARN_OBJC_ROOT_CLASS = YES_ERROR;
				CLANG_WARN_QUOTED_INCLUDE_IN_FRAMEWORK_HEADER = YES;
				CLANG_WARN_RANGE_LOOP_ANALYSIS = YES;
				CLANG_WARN_STRICT_PROTOTYPES = YES;
				CLANG_WARN_SUSPICIOUS_MOVE = YES;
				CLANG_WARN_UNGUARDED_AVAILABILITY = YES_AGGRESSIVE;
				CLANG_WARN_UNREACHABLE_CODE = YES;
				CLANG_WARN__DUPLICATE_METHOD_MATCH = YES;
				COPY_PHASE_STRIP = NO;
				DEBUG_INFORMATION_FORMAT = dwarf;
				ENABLE_STRICT_OBJC_MSGSEND = YES;
				ENABLE_TESTABILITY = YES;
				GCC_C_LANGUAGE_STANDARD = gnu11;
				GCC_DYNAMIC_NO_PIC = NO;
				GCC_NO_COMMON_BLOCKS = YES;
				GCC_OPTIMIZATION_LEVEL = 0;
				GCC_PREPROCESSOR_DEFINITIONS = (
					"DEBUG=1",
					"$(inherited)",
				);
				GCC_WARN_64_TO_32_BIT_CONVERSION = YES;
				GCC_WARN_ABOUT_RETURN_TYPE = YES_ERROR;
				GCC_WARN_UNDECLARED_SELECTOR = YES;
				GCC_WARN_UNINITIALIZED_AUTOS = YES_AGGRESSIVE;
				GCC_WARN_UNUSED_FUNCTION = YES;
				GCC_WARN_UNUSED_VARIABLE = YES;
				IPHONEOS_DEPLOYMENT_TARGET = 16.4;
				MTL_ENABLE_DEBUG_INFO = INCLUDE_SOURCE;
				MTL_FAST_MATH = YES;
				ONLY_ACTIVE_ARCH = YES;
				SDKROOT = iphoneos;
				SWIFT_ACTIVE_COMPILATION_CONDITIONS = DEBUG;
				SWIFT_OPTIMIZATION_LEVEL = "-Onone";
			};
			name = Debug;
		};
		71F8DC802A98DA2500ED2FA8 /* Release */ = {
			isa = XCBuildConfiguration;
			buildSettings = {
				ALWAYS_SEARCH_USER_PATHS = NO;
				CLANG_ANALYZER_NONNULL = YES;
				CLANG_ANALYZER_NUMBER_OBJECT_CONVERSION = YES_AGGRESSIVE;
				CLANG_CXX_LANGUAGE_STANDARD = "gnu++20";
				CLANG_ENABLE_MODULES = YES;
				CLANG_ENABLE_OBJC_ARC = YES;
				CLANG_ENABLE_OBJC_WEAK = YES;
				CLANG_WARN_BLOCK_CAPTURE_AUTORELEASING = YES;
				CLANG_WARN_BOOL_CONVERSION = YES;
				CLANG_WARN_COMMA = YES;
				CLANG_WARN_CONSTANT_CONVERSION = YES;
				CLANG_WARN_DEPRECATED_OBJC_IMPLEMENTATIONS = YES;
				CLANG_WARN_DIRECT_OBJC_ISA_USAGE = YES_ERROR;
				CLANG_WARN_DOCUMENTATION_COMMENTS = YES;
				CLANG_WARN_EMPTY_BODY = YES;
				CLANG_WARN_ENUM_CONVERSION = YES;
				CLANG_WARN_INFINITE_RECURSION = YES;
				CLANG_WARN_INT_CONVERSION = YES;
				CLANG_WARN_NON_LITERAL_NULL_CONVERSION = YES;
				CLANG_WARN_OBJC_IMPLICIT_RETAIN_SELF = YES;
				CLANG_WARN_OBJC_LITERAL_CONVERSION = YES;
				CLANG_WARN_OBJC_ROOT_CLASS = YES_ERROR;
				CLANG_WARN_QUOTED_INCLUDE_IN_FRAMEWORK_HEADER = YES;
				CLANG_WARN_RANGE_LOOP_ANALYSIS = YES;
				CLANG_WARN_STRICT_PROTOTYPES = YES;
				CLANG_WARN_SUSPICIOUS_MOVE = YES;
				CLANG_WARN_UNGUARDED_AVAILABILITY = YES_AGGRESSIVE;
				CLANG_WARN_UNREACHABLE_CODE = YES;
				CLANG_WARN__DUPLICATE_METHOD_MATCH = YES;
				COPY_PHASE_STRIP = NO;
				DEBUG_INFORMATION_FORMAT = "dwarf-with-dsym";
				ENABLE_NS_ASSERTIONS = NO;
				ENABLE_STRICT_OBJC_MSGSEND = YES;
				GCC_C_LANGUAGE_STANDARD = gnu11;
				GCC_NO_COMMON_BLOCKS = YES;
				GCC_WARN_64_TO_32_BIT_CONVERSION = YES;
				GCC_WARN_ABOUT_RETURN_TYPE = YES_ERROR;
				GCC_WARN_UNDECLARED_SELECTOR = YES;
				GCC_WARN_UNINITIALIZED_AUTOS = YES_AGGRESSIVE;
				GCC_WARN_UNUSED_FUNCTION = YES;
				GCC_WARN_UNUSED_VARIABLE = YES;
				IPHONEOS_DEPLOYMENT_TARGET = 16.4;
				MTL_ENABLE_DEBUG_INFO = NO;
				MTL_FAST_MATH = YES;
				SDKROOT = iphoneos;
				SWIFT_COMPILATION_MODE = wholemodule;
				SWIFT_OPTIMIZATION_LEVEL = "-O";
				VALIDATE_PRODUCT = YES;
			};
			name = Release;
		};
		71F8DC822A98DA2500ED2FA8 /* Debug */ = {
			isa = XCBuildConfiguration;
			buildSettings = {
				ASSETCATALOG_COMPILER_APPICON_NAME = AppIcon;
				ASSETCATALOG_COMPILER_GLOBAL_ACCENT_COLOR_NAME = AccentColor;
				CODE_SIGN_STYLE = Automatic;
				CURRENT_PROJECT_VERSION = 1;
				DEVELOPMENT_TEAM = J3XZ67KDFK;
				GENERATE_INFOPLIST_FILE = YES;
				INFOPLIST_FILE = dynamic_table_view_tutorial/Info.plist;
				INFOPLIST_KEY_UIApplicationSupportsIndirectInputEvents = YES;
				INFOPLIST_KEY_UILaunchStoryboardName = LaunchScreen;
				INFOPLIST_KEY_UIMainStoryboardFile = Main;
				INFOPLIST_KEY_UISupportedInterfaceOrientations_iPad = "UIInterfaceOrientationPortrait UIInterfaceOrientationPortraitUpsideDown UIInterfaceOrientationLandscapeLeft UIInterfaceOrientationLandscapeRight";
				INFOPLIST_KEY_UISupportedInterfaceOrientations_iPhone = "UIInterfaceOrientationPortrait UIInterfaceOrientationLandscapeLeft UIInterfaceOrientationLandscapeRight";
				LD_RUNPATH_SEARCH_PATHS = (
					"$(inherited)",
					"@executable_path/Frameworks",
				);
				MARKETING_VERSION = 1.0;
				PRODUCT_BUNDLE_IDENTIFIER = "Seonghyeon.dynamic-table-view-tutorial";
				PRODUCT_NAME = "$(TARGET_NAME)";
				SWIFT_EMIT_LOC_STRINGS = YES;
				SWIFT_VERSION = 5.0;
				TARGETED_DEVICE_FAMILY = "1,2";
			};
			name = Debug;
		};
		71F8DC832A98DA2500ED2FA8 /* Release */ = {
			isa = XCBuildConfiguration;
			buildSettings = {
				ASSETCATALOG_COMPILER_APPICON_NAME = AppIcon;
				ASSETCATALOG_COMPILER_GLOBAL_ACCENT_COLOR_NAME = AccentColor;
				CODE_SIGN_STYLE = Automatic;
				CURRENT_PROJECT_VERSION = 1;
				DEVELOPMENT_TEAM = J3XZ67KDFK;
				GENERATE_INFOPLIST_FILE = YES;
				INFOPLIST_FILE = dynamic_table_view_tutorial/Info.plist;
				INFOPLIST_KEY_UIApplicationSupportsIndirectInputEvents = YES;
				INFOPLIST_KEY_UILaunchStoryboardName = LaunchScreen;
				INFOPLIST_KEY_UIMainStoryboardFile = Main;
				INFOPLIST_KEY_UISupportedInterfaceOrientations_iPad = "UIInterfaceOrientationPortrait UIInterfaceOrientationPortraitUpsideDown UIInterfaceOrientationLandscapeLeft UIInterfaceOrientationLandscapeRight";
				INFOPLIST_KEY_UISupportedInterfaceOrientations_iPhone = "UIInterfaceOrientationPortrait UIInterfaceOrientationLandscapeLeft UIInterfaceOrientationLandscapeRight";
				LD_RUNPATH_SEARCH_PATHS = (
					"$(inherited)",
					"@executable_path/Frameworks",
				);
				MARKETING_VERSION = 1.0;
				PRODUCT_BUNDLE_IDENTIFIER = "Seonghyeon.dynamic-table-view-tutorial";
				PRODUCT_NAME = "$(TARGET_NAME)";
				SWIFT_EMIT_LOC_STRINGS = YES;
				SWIFT_VERSION = 5.0;
				TARGETED_DEVICE_FAMILY = "1,2";
			};
			name = Release;
		};
/* End XCBuildConfiguration section */

/* Begin XCConfigurationList section */
		71F8DC682A98DA2400ED2FA8 /* Build configuration list for PBXProject "dynamic_table_view_tutorial" */ = {
			isa = XCConfigurationList;
			buildConfigurations = (
				71F8DC7F2A98DA2500ED2FA8 /* Debug */,
				71F8DC802A98DA2500ED2FA8 /* Release */,
			);
			defaultConfigurationIsVisible = 0;
			defaultConfigurationName = Release;
		};
		71F8DC812A98DA2500ED2FA8 /* Build configuration list for PBXNativeTarget "dynamic_table_view_tutorial" */ = {
			isa = XCConfigurationList;
			buildConfigurations = (
				71F8DC822A98DA2500ED2FA8 /* Debug */,
				71F8DC832A98DA2500ED2FA8 /* Release */,
			);
			defaultConfigurationIsVisible = 0;
			defaultConfigurationName = Release;
		};
/* End XCConfigurationList section */
	};
	rootObject = 71F8DC652A98DA2400ED2FA8 /* Project object */;
}
