// !$*UTF8*$!
{
	archiveVersion = 1;
	classes = {
	};
	objectVersion = 56;
	objects = {

/* Begin PBXBuildFile section */
		7185BF802B0F0A9F00297230 /* AppDelegate.swift in Sources */ = {isa = PBXBuildFile; fileRef = 7185BF7F2B0F0A9F00297230 /* AppDelegate.swift */; };
		7185BF822B0F0A9F00297230 /* SceneDelegate.swift in Sources */ = {isa = PBXBuildFile; fileRef = 7185BF812B0F0A9F00297230 /* SceneDelegate.swift */; };
		7185BF842B0F0A9F00297230 /* LoginViewController.swift in Sources */ = {isa = PBXBuildFile; fileRef = 7185BF832B0F0A9F00297230 /* LoginViewController.swift */; };
		7185BF872B0F0A9F00297230 /* Main.storyboard in Resources */ = {isa = PBXBuildFile; fileRef = 7185BF852B0F0A9F00297230 /* Main.storyboard */; };
		7185BF8A2B0F0A9F00297230 /* UIKit_DatabaseEX.xcdatamodeld in Sources */ = {isa = PBXBuildFile; fileRef = 7185BF882B0F0A9F00297230 /* UIKit_DatabaseEX.xcdatamodeld */; };
		7185BF8C2B0F0AA000297230 /* Assets.xcassets in Resources */ = {isa = PBXBuildFile; fileRef = 7185BF8B2B0F0AA000297230 /* Assets.xcassets */; };
		7185BF8F2B0F0AA000297230 /* LaunchScreen.storyboard in Resources */ = {isa = PBXBuildFile; fileRef = 7185BF8D2B0F0AA000297230 /* LaunchScreen.storyboard */; };
		7185BF982B0F0B3200297230 /* RegisterViewController.swift in Sources */ = {isa = PBXBuildFile; fileRef = 7185BF972B0F0B3200297230 /* RegisterViewController.swift */; };
/* End PBXBuildFile section */

/* Begin PBXFileReference section */
		7185BF7C2B0F0A9F00297230 /* UIKit_DatabaseEX.app */ = {isa = PBXFileReference; explicitFileType = wrapper.application; includeInIndex = 0; path = UIKit_DatabaseEX.app; sourceTree = BUILT_PRODUCTS_DIR; };
		7185BF7F2B0F0A9F00297230 /* AppDelegate.swift */ = {isa = PBXFileReference; lastKnownFileType = sourcecode.swift; path = AppDelegate.swift; sourceTree = "<group>"; };
		7185BF812B0F0A9F00297230 /* SceneDelegate.swift */ = {isa = PBXFileReference; lastKnownFileType = sourcecode.swift; path = SceneDelegate.swift; sourceTree = "<group>"; };
		7185BF832B0F0A9F00297230 /* LoginViewController.swift */ = {isa = PBXFileReference; lastKnownFileType = sourcecode.swift; path = LoginViewController.swift; sourceTree = "<group>"; };
		7185BF862B0F0A9F00297230 /* Base */ = {isa = PBXFileReference; lastKnownFileType = file.storyboard; name = Base; path = Base.lproj/Main.storyboard; sourceTree = "<group>"; };
		7185BF892B0F0A9F00297230 /* UIKit_DatabaseEX.xcdatamodel */ = {isa = PBXFileReference; lastKnownFileType = wrapper.xcdatamodel; path = UIKit_DatabaseEX.xcdatamodel; sourceTree = "<group>"; };
		7185BF8B2B0F0AA000297230 /* Assets.xcassets */ = {isa = PBXFileReference; lastKnownFileType = folder.assetcatalog; path = Assets.xcassets; sourceTree = "<group>"; };
		7185BF8E2B0F0AA000297230 /* Base */ = {isa = PBXFileReference; lastKnownFileType = file.storyboard; name = Base; path = Base.lproj/LaunchScreen.storyboard; sourceTree = "<group>"; };
		7185BF902B0F0AA000297230 /* Info.plist */ = {isa = PBXFileReference; lastKnownFileType = text.plist.xml; path = Info.plist; sourceTree = "<group>"; };
		7185BF972B0F0B3200297230 /* RegisterViewController.swift */ = {isa = PBXFileReference; lastKnownFileType = sourcecode.swift; path = RegisterViewController.swift; sourceTree = "<group>"; };
/* End PBXFileReference section */

/* Begin PBXFrameworksBuildPhase section */
		7185BF792B0F0A9F00297230 /* Frameworks */ = {
			isa = PBXFrameworksBuildPhase;
			buildActionMask = 2147483647;
			files = (
			);
			runOnlyForDeploymentPostprocessing = 0;
		};
/* End PBXFrameworksBuildPhase section */

/* Begin PBXGroup section */
		7185BF732B0F0A9F00297230 = {
			isa = PBXGroup;
			children = (
				7185BF962B0F0B0000297230 /* Controllers */,
				7185BF7E2B0F0A9F00297230 /* UIKit_DatabaseEX */,
				7185BF7D2B0F0A9F00297230 /* Products */,
			);
			sourceTree = "<group>";
		};
		7185BF7D2B0F0A9F00297230 /* Products */ = {
			isa = PBXGroup;
			children = (
				7185BF7C2B0F0A9F00297230 /* UIKit_DatabaseEX.app */,
			);
			name = Products;
			sourceTree = "<group>";
		};
		7185BF7E2B0F0A9F00297230 /* UIKit_DatabaseEX */ = {
			isa = PBXGroup;
			children = (
				7185BF7F2B0F0A9F00297230 /* AppDelegate.swift */,
				7185BF812B0F0A9F00297230 /* SceneDelegate.swift */,
				7185BF852B0F0A9F00297230 /* Main.storyboard */,
				7185BF8B2B0F0AA000297230 /* Assets.xcassets */,
				7185BF8D2B0F0AA000297230 /* LaunchScreen.storyboard */,
				7185BF902B0F0AA000297230 /* Info.plist */,
				7185BF882B0F0A9F00297230 /* UIKit_DatabaseEX.xcdatamodeld */,
			);
			path = UIKit_DatabaseEX;
			sourceTree = "<group>";
		};
		7185BF962B0F0B0000297230 /* Controllers */ = {
			isa = PBXGroup;
			children = (
				7185BF832B0F0A9F00297230 /* LoginViewController.swift */,
				7185BF972B0F0B3200297230 /* RegisterViewController.swift */,
			);
			path = Controllers;
			sourceTree = "<group>";
		};
/* End PBXGroup section */

/* Begin PBXNativeTarget section */
		7185BF7B2B0F0A9F00297230 /* UIKit_DatabaseEX */ = {
			isa = PBXNativeTarget;
			buildConfigurationList = 7185BF932B0F0AA000297230 /* Build configuration list for PBXNativeTarget "UIKit_DatabaseEX" */;
			buildPhases = (
				7185BF782B0F0A9F00297230 /* Sources */,
				7185BF792B0F0A9F00297230 /* Frameworks */,
				7185BF7A2B0F0A9F00297230 /* Resources */,
			);
			buildRules = (
			);
			dependencies = (
			);
			name = UIKit_DatabaseEX;
			productName = UIKit_DatabaseEX;
			productReference = 7185BF7C2B0F0A9F00297230 /* UIKit_DatabaseEX.app */;
			productType = "com.apple.product-type.application";
		};
/* End PBXNativeTarget section */

/* Begin PBXProject section */
		7185BF742B0F0A9F00297230 /* Project object */ = {
			isa = PBXProject;
			attributes = {
				BuildIndependentTargetsInParallel = 1;
				LastSwiftUpdateCheck = 1500;
				LastUpgradeCheck = 1500;
				TargetAttributes = {
					7185BF7B2B0F0A9F00297230 = {
						CreatedOnToolsVersion = 15.0.1;
					};
				};
			};
			buildConfigurationList = 7185BF772B0F0A9F00297230 /* Build configuration list for PBXProject "UIKit_DatabaseEX" */;
			compatibilityVersion = "Xcode 14.0";
			developmentRegion = en;
			hasScannedForEncodings = 0;
			knownRegions = (
				en,
				Base,
			);
			mainGroup = 7185BF732B0F0A9F00297230;
			productRefGroup = 7185BF7D2B0F0A9F00297230 /* Products */;
			projectDirPath = "";
			projectRoot = "";
			targets = (
				7185BF7B2B0F0A9F00297230 /* UIKit_DatabaseEX */,
			);
		};
/* End PBXProject section */

/* Begin PBXResourcesBuildPhase section */
		7185BF7A2B0F0A9F00297230 /* Resources */ = {
			isa = PBXResourcesBuildPhase;
			buildActionMask = 2147483647;
			files = (
				7185BF8F2B0F0AA000297230 /* LaunchScreen.storyboard in Resources */,
				7185BF8C2B0F0AA000297230 /* Assets.xcassets in Resources */,
				7185BF872B0F0A9F00297230 /* Main.storyboard in Resources */,
			);
			runOnlyForDeploymentPostprocessing = 0;
		};
/* End PBXResourcesBuildPhase section */

/* Begin PBXSourcesBuildPhase section */
		7185BF782B0F0A9F00297230 /* Sources */ = {
			isa = PBXSourcesBuildPhase;
			buildActionMask = 2147483647;
			files = (
				7185BF8A2B0F0A9F00297230 /* UIKit_DatabaseEX.xcdatamodeld in Sources */,
				7185BF982B0F0B3200297230 /* RegisterViewController.swift in Sources */,
				7185BF842B0F0A9F00297230 /* LoginViewController.swift in Sources */,
				7185BF802B0F0A9F00297230 /* AppDelegate.swift in Sources */,
				7185BF822B0F0A9F00297230 /* SceneDelegate.swift in Sources */,
			);
			runOnlyForDeploymentPostprocessing = 0;
		};
/* End PBXSourcesBuildPhase section */

/* Begin PBXVariantGroup section */
		7185BF852B0F0A9F00297230 /* Main.storyboard */ = {
			isa = PBXVariantGroup;
			children = (
				7185BF862B0F0A9F00297230 /* Base */,
			);
			name = Main.storyboard;
			sourceTree = "<group>";
		};
		7185BF8D2B0F0AA000297230 /* LaunchScreen.storyboard */ = {
			isa = PBXVariantGroup;
			children = (
				7185BF8E2B0F0AA000297230 /* Base */,
			);
			name = LaunchScreen.storyboard;
			sourceTree = "<group>";
		};
/* End PBXVariantGroup section */

/* Begin XCBuildConfiguration section */
		7185BF912B0F0AA000297230 /* Debug */ = {
			isa = XCBuildConfiguration;
			buildSettings = {
				ALWAYS_SEARCH_USER_PATHS = NO;
				ASSETCATALOG_COMPILER_GENERATE_SWIFT_ASSET_SYMBOL_EXTENSIONS = YES;
				CLANG_ANALYZER_NONNULL = YES;
				CLANG_ANALYZER_NUMBER_OBJECT_CONVERSION = YES_AGGRESSIVE;
				CLANG_CXX_LANGUAGE_STANDARD = "gnu++20";
				CLANG_ENABLE_MODULES = YES;
				CLANG_ENABLE_OBJC_ARC = YES;
				CLANG_ENABLE_OBJC_WEAK = YES;
				CLANG_WARN_BLOCK_CAPTURE_AUTORELEASING = YES;
				CLANG_WARN_BOOL_CONVERSION = YES;
				CLANG_WARN_COMMA = YES;
				CLANG_WARN_CONSTANT_CONVERSION = YES;
				CLANG_WARN_DEPRECATED_OBJC_IMPLEMENTATIONS = YES;
				CLANG_WARN_DIRECT_OBJC_ISA_USAGE = YES_ERROR;
				CLANG_WARN_DOCUMENTATION_COMMENTS = YES;
				CLANG_WARN_EMPTY_BODY = YES;
				CLANG_WARN_ENUM_CONVERSION = YES;
				CLANG_WARN_INFINITE_RECURSION = YES;
				CLANG_WARN_INT_CONVERSION = YES;
				CLANG_WARN_NON_LITERAL_NULL_CONVERSION = YES;
				CLANG_WARN_OBJC_IMPLICIT_RETAIN_SELF = YES;
				CLANG_WARN_OBJC_LITERAL_CONVERSION = YES;
				CLANG_WARN_OBJC_ROOT_CLASS = YES_ERROR;
				CLANG_WARN_QUOTED_INCLUDE_IN_FRAMEWORK_HEADER = YES;
				CLANG_WARN_RANGE_LOOP_ANALYSIS = YES;
				CLANG_WARN_STRICT_PROTOTYPES = YES;
				CLANG_WARN_SUSPICIOUS_MOVE = YES;
				CLANG_WARN_UNGUARDED_AVAILABILITY = YES_AGGRESSIVE;
				CLANG_WARN_UNREACHABLE_CODE = YES;
				CLANG_WARN__DUPLICATE_METHOD_MATCH = YES;
				COPY_PHASE_STRIP = NO;
				DEBUG_INFORMATION_FORMAT = dwarf;
				ENABLE_STRICT_OBJC_MSGSEND = YES;
				ENABLE_TESTABILITY = YES;
				ENABLE_USER_SCRIPT_SANDBOXING = YES;
				GCC_C_LANGUAGE_STANDARD = gnu17;
				GCC_DYNAMIC_NO_PIC = NO;
				GCC_NO_COMMON_BLOCKS = YES;
				GCC_OPTIMIZATION_LEVEL = 0;
				GCC_PREPROCESSOR_DEFINITIONS = (
					"DEBUG=1",
					"$(inherited)",
				);
				GCC_WARN_64_TO_32_BIT_CONVERSION = YES;
				GCC_WARN_ABOUT_RETURN_TYPE = YES_ERROR;
				GCC_WARN_UNDECLARED_SELECTOR = YES;
				GCC_WARN_UNINITIALIZED_AUTOS = YES_AGGRESSIVE;
				GCC_WARN_UNUSED_FUNCTION = YES;
				GCC_WARN_UNUSED_VARIABLE = YES;
				IPHONEOS_DEPLOYMENT_TARGET = 17.0;
				LOCALIZATION_PREFERS_STRING_CATALOGS = YES;
				MTL_ENABLE_DEBUG_INFO = INCLUDE_SOURCE;
				MTL_FAST_MATH = YES;
				ONLY_ACTIVE_ARCH = YES;
				SDKROOT = iphoneos;
				SWIFT_ACTIVE_COMPILATION_CONDITIONS = "DEBUG $(inherited)";
				SWIFT_OPTIMIZATION_LEVEL = "-Onone";
			};
			name = Debug;
		};
		7185BF922B0F0AA000297230 /* Release */ = {
			isa = XCBuildConfiguration;
			buildSettings = {
				ALWAYS_SEARCH_USER_PATHS = NO;
				ASSETCATALOG_COMPILER_GENERATE_SWIFT_ASSET_SYMBOL_EXTENSIONS = YES;
				CLANG_ANALYZER_NONNULL = YES;
				CLANG_ANALYZER_NUMBER_OBJECT_CONVERSION = YES_AGGRESSIVE;
				CLANG_CXX_LANGUAGE_STANDARD = "gnu++20";
				CLANG_ENABLE_MODULES = YES;
				CLANG_ENABLE_OBJC_ARC = YES;
				CLANG_ENABLE_OBJC_WEAK = YES;
				CLANG_WARN_BLOCK_CAPTURE_AUTORELEASING = YES;
				CLANG_WARN_BOOL_CONVERSION = YES;
				CLANG_WARN_COMMA = YES;
				CLANG_WARN_CONSTANT_CONVERSION = YES;
				CLANG_WARN_DEPRECATED_OBJC_IMPLEMENTATIONS = YES;
				CLANG_WARN_DIRECT_OBJC_ISA_USAGE = YES_ERROR;
				CLANG_WARN_DOCUMENTATION_COMMENTS = YES;
				CLANG_WARN_EMPTY_BODY = YES;
				CLANG_WARN_ENUM_CONVERSION = YES;
				CLANG_WARN_INFINITE_RECURSION = YES;
				CLANG_WARN_INT_CONVERSION = YES;
				CLANG_WARN_NON_LITERAL_NULL_CONVERSION = YES;
				CLANG_WARN_OBJC_IMPLICIT_RETAIN_SELF = YES;
				CLANG_WARN_OBJC_LITERAL_CONVERSION = YES;
				CLANG_WARN_OBJC_ROOT_CLASS = YES_ERROR;
				CLANG_WARN_QUOTED_INCLUDE_IN_FRAMEWORK_HEADER = YES;
				CLANG_WARN_RANGE_LOOP_ANALYSIS = YES;
				CLANG_WARN_STRICT_PROTOTYPES = YES;
				CLANG_WARN_SUSPICIOUS_MOVE = YES;
				CLANG_WARN_UNGUARDED_AVAILABILITY = YES_AGGRESSIVE;
				CLANG_WARN_UNREACHABLE_CODE = YES;
				CLANG_WARN__DUPLICATE_METHOD_MATCH = YES;
				COPY_PHASE_STRIP = NO;
				DEBUG_INFORMATION_FORMAT = "dwarf-with-dsym";
				ENABLE_NS_ASSERTIONS = NO;
				ENABLE_STRICT_OBJC_MSGSEND = YES;
				ENABLE_USER_SCRIPT_SANDBOXING = YES;
				GCC_C_LANGUAGE_STANDARD = gnu17;
				GCC_NO_COMMON_BLOCKS = YES;
				GCC_WARN_64_TO_32_BIT_CONVERSION = YES;
				GCC_WARN_ABOUT_RETURN_TYPE = YES_ERROR;
				GCC_WARN_UNDECLARED_SELECTOR = YES;
				GCC_WARN_UNINITIALIZED_AUTOS = YES_AGGRESSIVE;
				GCC_WARN_UNUSED_FUNCTION = YES;
				GCC_WARN_UNUSED_VARIABLE = YES;
				IPHONEOS_DEPLOYMENT_TARGET = 17.0;
				LOCALIZATION_PREFERS_STRING_CATALOGS = YES;
				MTL_ENABLE_DEBUG_INFO = NO;
				MTL_FAST_MATH = YES;
				SDKROOT = iphoneos;
				SWIFT_COMPILATION_MODE = wholemodule;
				VALIDATE_PRODUCT = YES;
			};
			name = Release;
		};
		7185BF942B0F0AA000297230 /* Debug */ = {
			isa = XCBuildConfiguration;
			buildSettings = {
				ASSETCATALOG_COMPILER_APPICON_NAME = AppIcon;
				ASSETCATALOG_COMPILER_GLOBAL_ACCENT_COLOR_NAME = AccentColor;
				CODE_SIGN_STYLE = Automatic;
				CURRENT_PROJECT_VERSION = 1;
				DEVELOPMENT_TEAM = J3XZ67KDFK;
				GENERATE_INFOPLIST_FILE = YES;
				INFOPLIST_FILE = UIKit_DatabaseEX/Info.plist;
				INFOPLIST_KEY_UIApplicationSupportsIndirectInputEvents = YES;
				INFOPLIST_KEY_UILaunchStoryboardName = LaunchScreen;
				INFOPLIST_KEY_UIMainStoryboardFile = Main;
				INFOPLIST_KEY_UISupportedInterfaceOrientations_iPad = "UIInterfaceOrientationPortrait UIInterfaceOrientationPortraitUpsideDown UIInterfaceOrientationLandscapeLeft UIInterfaceOrientationLandscapeRight";
				INFOPLIST_KEY_UISupportedInterfaceOrientations_iPhone = "UIInterfaceOrientationPortrait UIInterfaceOrientationLandscapeLeft UIInterfaceOrientationLandscapeRight";
				LD_RUNPATH_SEARCH_PATHS = (
					"$(inherited)",
					"@executable_path/Frameworks",
				);
				MARKETING_VERSION = 1.0;
				PRODUCT_BUNDLE_IDENTIFIER = "Seonghyeon.UIKit-DatabaseEX";
				PRODUCT_NAME = "$(TARGET_NAME)";
				SWIFT_EMIT_LOC_STRINGS = YES;
				SWIFT_VERSION = 5.0;
				TARGETED_DEVICE_FAMILY = "1,2";
			};
			name = Debug;
		};
		7185BF952B0F0AA000297230 /* Release */ = {
			isa = XCBuildConfiguration;
			buildSettings = {
				ASSETCATALOG_COMPILER_APPICON_NAME = AppIcon;
				ASSETCATALOG_COMPILER_GLOBAL_ACCENT_COLOR_NAME = AccentColor;
				CODE_SIGN_STYLE = Automatic;
				CURRENT_PROJECT_VERSION = 1;
				DEVELOPMENT_TEAM = J3XZ67KDFK;
				GENERATE_INFOPLIST_FILE = YES;
				INFOPLIST_FILE = UIKit_DatabaseEX/Info.plist;
				INFOPLIST_KEY_UIApplicationSupportsIndirectInputEvents = YES;
				INFOPLIST_KEY_UILaunchStoryboardName = LaunchScreen;
				INFOPLIST_KEY_UIMainStoryboardFile = Main;
				INFOPLIST_KEY_UISupportedInterfaceOrientations_iPad = "UIInterfaceOrientationPortrait UIInterfaceOrientationPortraitUpsideDown UIInterfaceOrientationLandscapeLeft UIInterfaceOrientationLandscapeRight";
				INFOPLIST_KEY_UISupportedInterfaceOrientations_iPhone = "UIInterfaceOrientationPortrait UIInterfaceOrientationLandscapeLeft UIInterfaceOrientationLandscapeRight";
				LD_RUNPATH_SEARCH_PATHS = (
					"$(inherited)",
					"@executable_path/Frameworks",
				);
				MARKETING_VERSION = 1.0;
				PRODUCT_BUNDLE_IDENTIFIER = "Seonghyeon.UIKit-DatabaseEX";
				PRODUCT_NAME = "$(TARGET_NAME)";
				SWIFT_EMIT_LOC_STRINGS = YES;
				SWIFT_VERSION = 5.0;
				TARGETED_DEVICE_FAMILY = "1,2";
			};
			name = Release;
		};
/* End XCBuildConfiguration section */

/* Begin XCConfigurationList section */
		7185BF772B0F0A9F00297230 /* Build configuration list for PBXProject "UIKit_DatabaseEX" */ = {
			isa = XCConfigurationList;
			buildConfigurations = (
				7185BF912B0F0AA000297230 /* Debug */,
				7185BF922B0F0AA000297230 /* Release */,
			);
			defaultConfigurationIsVisible = 0;
			defaultConfigurationName = Release;
		};
		7185BF932B0F0AA000297230 /* Build configuration list for PBXNativeTarget "UIKit_DatabaseEX" */ = {
			isa = XCConfigurationList;
			buildConfigurations = (
				7185BF942B0F0AA000297230 /* Debug */,
				7185BF952B0F0AA000297230 /* Release */,
			);
			defaultConfigurationIsVisible = 0;
			defaultConfigurationName = Release;
		};
/* End XCConfigurationList section */

/* Begin XCVersionGroup section */
		7185BF882B0F0A9F00297230 /* UIKit_DatabaseEX.xcdatamodeld */ = {
			isa = XCVersionGroup;
			children = (
				7185BF892B0F0A9F00297230 /* UIKit_DatabaseEX.xcdatamodel */,
			);
			currentVersion = 7185BF892B0F0A9F00297230 /* UIKit_DatabaseEX.xcdatamodel */;
			path = UIKit_DatabaseEX.xcdatamodeld;
			sourceTree = "<group>";
			versionGroupType = wrapper.xcdatamodel;
		};
/* End XCVersionGroup section */
	};
	rootObject = 7185BF742B0F0A9F00297230 /* Project object */;
}
