// !$*UTF8*$!
{
	archiveVersion = 1;
	classes = {
	};
	objectVersion = 56;
	objects = {

/* Begin PBXBuildFile section */
		7141A7352AA4637C0076D8F5 /* AppDelegate.swift in Sources */ = {isa = PBXBuildFile; fileRef = 7141A7342AA4637C0076D8F5 /* AppDelegate.swift */; };
		7141A7372AA4637C0076D8F5 /* SceneDelegate.swift in Sources */ = {isa = PBXBuildFile; fileRef = 7141A7362AA4637C0076D8F5 /* SceneDelegate.swift */; };
		7141A7392AA4637C0076D8F5 /* ViewController.swift in Sources */ = {isa = PBXBuildFile; fileRef = 7141A7382AA4637C0076D8F5 /* ViewController.swift */; };
		7141A73C2AA4637C0076D8F5 /* Main.storyboard in Resources */ = {isa = PBXBuildFile; fileRef = 7141A73A2AA4637C0076D8F5 /* Main.storyboard */; };
		7141A73E2AA4637E0076D8F5 /* Assets.xcassets in Resources */ = {isa = PBXBuildFile; fileRef = 7141A73D2AA4637E0076D8F5 /* Assets.xcassets */; };
		7141A7412AA4637E0076D8F5 /* LaunchScreen.storyboard in Resources */ = {isa = PBXBuildFile; fileRef = 7141A73F2AA4637E0076D8F5 /* LaunchScreen.storyboard */; };
		7141A7492AA46CA60076D8F5 /* MyCircleView.swift in Sources */ = {isa = PBXBuildFile; fileRef = 7141A7482AA46CA60076D8F5 /* MyCircleView.swift */; };
/* End PBXBuildFile section */

/* Begin PBXFileReference section */
		7141A7312AA4637C0076D8F5 /* autolayout_code_tutorial_01.app */ = {isa = PBXFileReference; explicitFileType = wrapper.application; includeInIndex = 0; path = autolayout_code_tutorial_01.app; sourceTree = BUILT_PRODUCTS_DIR; };
		7141A7342AA4637C0076D8F5 /* AppDelegate.swift */ = {isa = PBXFileReference; lastKnownFileType = sourcecode.swift; path = AppDelegate.swift; sourceTree = "<group>"; };
		7141A7362AA4637C0076D8F5 /* SceneDelegate.swift */ = {isa = PBXFileReference; lastKnownFileType = sourcecode.swift; path = SceneDelegate.swift; sourceTree = "<group>"; };
		7141A7382AA4637C0076D8F5 /* ViewController.swift */ = {isa = PBXFileReference; lastKnownFileType = sourcecode.swift; path = ViewController.swift; sourceTree = "<group>"; };
		7141A73B2AA4637C0076D8F5 /* Base */ = {isa = PBXFileReference; lastKnownFileType = file.storyboard; name = Base; path = Base.lproj/Main.storyboard; sourceTree = "<group>"; };
		7141A73D2AA4637E0076D8F5 /* Assets.xcassets */ = {isa = PBXFileReference; lastKnownFileType = folder.assetcatalog; path = Assets.xcassets; sourceTree = "<group>"; };
		7141A7402AA4637E0076D8F5 /* Base */ = {isa = PBXFileReference; lastKnownFileType = file.storyboard; name = Base; path = Base.lproj/LaunchScreen.storyboard; sourceTree = "<group>"; };
		7141A7422AA4637E0076D8F5 /* Info.plist */ = {isa = PBXFileReference; lastKnownFileType = text.plist.xml; path = Info.plist; sourceTree = "<group>"; };
		7141A7482AA46CA60076D8F5 /* MyCircleView.swift */ = {isa = PBXFileReference; lastKnownFileType = sourcecode.swift; path = MyCircleView.swift; sourceTree = "<group>"; };
/* End PBXFileReference section */

/* Begin PBXFrameworksBuildPhase section */
		7141A72E2AA4637C0076D8F5 /* Frameworks */ = {
			isa = PBXFrameworksBuildPhase;
			buildActionMask = 2147483647;
			files = (
			);
			runOnlyForDeploymentPostprocessing = 0;
		};
/* End PBXFrameworksBuildPhase section */

/* Begin PBXGroup section */
		7141A7282AA4637C0076D8F5 = {
			isa = PBXGroup;
			children = (
				7141A7332AA4637C0076D8F5 /* autolayout_code_tutorial_01 */,
				7141A7322AA4637C0076D8F5 /* Products */,
			);
			sourceTree = "<group>";
		};
		7141A7322AA4637C0076D8F5 /* Products */ = {
			isa = PBXGroup;
			children = (
				7141A7312AA4637C0076D8F5 /* autolayout_code_tutorial_01.app */,
			);
			name = Products;
			sourceTree = "<group>";
		};
		7141A7332AA4637C0076D8F5 /* autolayout_code_tutorial_01 */ = {
			isa = PBXGroup;
			children = (
				7141A7342AA4637C0076D8F5 /* AppDelegate.swift */,
				7141A7362AA4637C0076D8F5 /* SceneDelegate.swift */,
				7141A7382AA4637C0076D8F5 /* ViewController.swift */,
				7141A7482AA46CA60076D8F5 /* MyCircleView.swift */,
				7141A73A2AA4637C0076D8F5 /* Main.storyboard */,
				7141A73D2AA4637E0076D8F5 /* Assets.xcassets */,
				7141A73F2AA4637E0076D8F5 /* LaunchScreen.storyboard */,
				7141A7422AA4637E0076D8F5 /* Info.plist */,
			);
			path = autolayout_code_tutorial_01;
			sourceTree = "<group>";
		};
/* End PBXGroup section */

/* Begin PBXNativeTarget section */
		7141A7302AA4637C0076D8F5 /* autolayout_code_tutorial_01 */ = {
			isa = PBXNativeTarget;
			buildConfigurationList = 7141A7452AA4637E0076D8F5 /* Build configuration list for PBXNativeTarget "autolayout_code_tutorial_01" */;
			buildPhases = (
				7141A72D2AA4637C0076D8F5 /* Sources */,
				7141A72E2AA4637C0076D8F5 /* Frameworks */,
				7141A72F2AA4637C0076D8F5 /* Resources */,
			);
			buildRules = (
			);
			dependencies = (
			);
			name = autolayout_code_tutorial_01;
			productName = autolayout_code_tutorial_01;
			productReference = 7141A7312AA4637C0076D8F5 /* autolayout_code_tutorial_01.app */;
			productType = "com.apple.product-type.application";
		};
/* End PBXNativeTarget section */

/* Begin PBXProject section */
		7141A7292AA4637C0076D8F5 /* Project object */ = {
			isa = PBXProject;
			attributes = {
				BuildIndependentTargetsInParallel = 1;
				LastSwiftUpdateCheck = 1430;
				LastUpgradeCheck = 1430;
				TargetAttributes = {
					7141A7302AA4637C0076D8F5 = {
						CreatedOnToolsVersion = 14.3.1;
					};
				};
			};
			buildConfigurationList = 7141A72C2AA4637C0076D8F5 /* Build configuration list for PBXProject "autolayout_code_tutorial_01" */;
			compatibilityVersion = "Xcode 14.0";
			developmentRegion = en;
			hasScannedForEncodings = 0;
			knownRegions = (
				en,
				Base,
			);
			mainGroup = 7141A7282AA4637C0076D8F5;
			productRefGroup = 7141A7322AA4637C0076D8F5 /* Products */;
			projectDirPath = "";
			projectRoot = "";
			targets = (
				7141A7302AA4637C0076D8F5 /* autolayout_code_tutorial_01 */,
			);
		};
/* End PBXProject section */

/* Begin PBXResourcesBuildPhase section */
		7141A72F2AA4637C0076D8F5 /* Resources */ = {
			isa = PBXResourcesBuildPhase;
			buildActionMask = 2147483647;
			files = (
				7141A7412AA4637E0076D8F5 /* LaunchScreen.storyboard in Resources */,
				7141A73E2AA4637E0076D8F5 /* Assets.xcassets in Resources */,
				7141A73C2AA4637C0076D8F5 /* Main.storyboard in Resources */,
			);
			runOnlyForDeploymentPostprocessing = 0;
		};
/* End PBXResourcesBuildPhase section */

/* Begin PBXSourcesBuildPhase section */
		7141A72D2AA4637C0076D8F5 /* Sources */ = {
			isa = PBXSourcesBuildPhase;
			buildActionMask = 2147483647;
			files = (
				7141A7492AA46CA60076D8F5 /* MyCircleView.swift in Sources */,
				7141A7392AA4637C0076D8F5 /* ViewController.swift in Sources */,
				7141A7352AA4637C0076D8F5 /* AppDelegate.swift in Sources */,
				7141A7372AA4637C0076D8F5 /* SceneDelegate.swift in Sources */,
			);
			runOnlyForDeploymentPostprocessing = 0;
		};
/* End PBXSourcesBuildPhase section */

/* Begin PBXVariantGroup section */
		7141A73A2AA4637C0076D8F5 /* Main.storyboard */ = {
			isa = PBXVariantGroup;
			children = (
				7141A73B2AA4637C0076D8F5 /* Base */,
			);
			name = Main.storyboard;
			sourceTree = "<group>";
		};
		7141A73F2AA4637E0076D8F5 /* LaunchScreen.storyboard */ = {
			isa = PBXVariantGroup;
			children = (
				7141A7402AA4637E0076D8F5 /* Base */,
			);
			name = LaunchScreen.storyboard;
			sourceTree = "<group>";
		};
/* End PBXVariantGroup section */

/* Begin XCBuildConfiguration section */
		7141A7432AA4637E0076D8F5 /* Debug */ = {
			isa = XCBuildConfiguration;
			buildSettings = {
				ALWAYS_SEARCH_USER_PATHS = NO;
				CLANG_ANALYZER_NONNULL = YES;
				CLANG_ANALYZER_NUMBER_OBJECT_CONVERSION = YES_AGGRESSIVE;
				CLANG_CXX_LANGUAGE_STANDARD = "gnu++20";
				CLANG_ENABLE_MODULES = YES;
				CLANG_ENABLE_OBJC_ARC = YES;
				CLANG_ENABLE_OBJC_WEAK = YES;
				CLANG_WARN_BLOCK_CAPTURE_AUTORELEASING = YES;
				CLANG_WARN_BOOL_CONVERSION = YES;
				CLANG_WARN_COMMA = YES;
				CLANG_WARN_CONSTANT_CONVERSION = YES;
				CLANG_WARN_DEPRECATED_OBJC_IMPLEMENTATIONS = YES;
				CLANG_WARN_DIRECT_OBJC_ISA_USAGE = YES_ERROR;
				CLANG_WARN_DOCUMENTATION_COMMENTS = YES;
				CLANG_WARN_EMPTY_BODY = YES;
				CLANG_WARN_ENUM_CONVERSION = YES;
				CLANG_WARN_INFINITE_RECURSION = YES;
				CLANG_WARN_INT_CONVERSION = YES;
				CLANG_WARN_NON_LITERAL_NULL_CONVERSION = YES;
				CLANG_WARN_OBJC_IMPLICIT_RETAIN_SELF = YES;
				CLANG_WARN_OBJC_LITERAL_CONVERSION = YES;
				CLANG_WARN_OBJC_ROOT_CLASS = YES_ERROR;
				CLANG_WARN_QUOTED_INCLUDE_IN_FRAMEWORK_HEADER = YES;
				CLANG_WARN_RANGE_LOOP_ANALYSIS = YES;
				CLANG_WARN_STRICT_PROTOTYPES = YES;
				CLANG_WARN_SUSPICIOUS_MOVE = YES;
				CLANG_WARN_UNGUARDED_AVAILABILITY = YES_AGGRESSIVE;
				CLANG_WARN_UNREACHABLE_CODE = YES;
				CLANG_WARN__DUPLICATE_METHOD_MATCH = YES;
				COPY_PHASE_STRIP = NO;
				DEBUG_INFORMATION_FORMAT = dwarf;
				ENABLE_STRICT_OBJC_MSGSEND = YES;
				ENABLE_TESTABILITY = YES;
				GCC_C_LANGUAGE_STANDARD = gnu11;
				GCC_DYNAMIC_NO_PIC = NO;
				GCC_NO_COMMON_BLOCKS = YES;
				GCC_OPTIMIZATION_LEVEL = 0;
				GCC_PREPROCESSOR_DEFINITIONS = (
					"DEBUG=1",
					"$(inherited)",
				);
				GCC_WARN_64_TO_32_BIT_CONVERSION = YES;
				GCC_WARN_ABOUT_RETURN_TYPE = YES_ERROR;
				GCC_WARN_UNDECLARED_SELECTOR = YES;
				GCC_WARN_UNINITIALIZED_AUTOS = YES_AGGRESSIVE;
				GCC_WARN_UNUSED_FUNCTION = YES;
				GCC_WARN_UNUSED_VARIABLE = YES;
				IPHONEOS_DEPLOYMENT_TARGET = 16.4;
				MTL_ENABLE_DEBUG_INFO = INCLUDE_SOURCE;
				MTL_FAST_MATH = YES;
				ONLY_ACTIVE_ARCH = YES;
				SDKROOT = iphoneos;
				SWIFT_ACTIVE_COMPILATION_CONDITIONS = DEBUG;
				SWIFT_OPTIMIZATION_LEVEL = "-Onone";
			};
			name = Debug;
		};
		7141A7442AA4637E0076D8F5 /* Release */ = {
			isa = XCBuildConfiguration;
			buildSettings = {
				ALWAYS_SEARCH_USER_PATHS = NO;
				CLANG_ANALYZER_NONNULL = YES;
				CLANG_ANALYZER_NUMBER_OBJECT_CONVERSION = YES_AGGRESSIVE;
				CLANG_CXX_LANGUAGE_STANDARD = "gnu++20";
				CLANG_ENABLE_MODULES = YES;
				CLANG_ENABLE_OBJC_ARC = YES;
				CLANG_ENABLE_OBJC_WEAK = YES;
				CLANG_WARN_BLOCK_CAPTURE_AUTORELEASING = YES;
				CLANG_WARN_BOOL_CONVERSION = YES;
				CLANG_WARN_COMMA = YES;
				CLANG_WARN_CONSTANT_CONVERSION = YES;
				CLANG_WARN_DEPRECATED_OBJC_IMPLEMENTATIONS = YES;
				CLANG_WARN_DIRECT_OBJC_ISA_USAGE = YES_ERROR;
				CLANG_WARN_DOCUMENTATION_COMMENTS = YES;
				CLANG_WARN_EMPTY_BODY = YES;
				CLANG_WARN_ENUM_CONVERSION = YES;
				CLANG_WARN_INFINITE_RECURSION = YES;
				CLANG_WARN_INT_CONVERSION = YES;
				CLANG_WARN_NON_LITERAL_NULL_CONVERSION = YES;
				CLANG_WARN_OBJC_IMPLICIT_RETAIN_SELF = YES;
				CLANG_WARN_OBJC_LITERAL_CONVERSION = YES;
				CLANG_WARN_OBJC_ROOT_CLASS = YES_ERROR;
				CLANG_WARN_QUOTED_INCLUDE_IN_FRAMEWORK_HEADER = YES;
				CLANG_WARN_RANGE_LOOP_ANALYSIS = YES;
				CLANG_WARN_STRICT_PROTOTYPES = YES;
				CLANG_WARN_SUSPICIOUS_MOVE = YES;
				CLANG_WARN_UNGUARDED_AVAILABILITY = YES_AGGRESSIVE;
				CLANG_WARN_UNREACHABLE_CODE = YES;
				CLANG_WARN__DUPLICATE_METHOD_MATCH = YES;
				COPY_PHASE_STRIP = NO;
				DEBUG_INFORMATION_FORMAT = "dwarf-with-dsym";
				ENABLE_NS_ASSERTIONS = NO;
				ENABLE_STRICT_OBJC_MSGSEND = YES;
				GCC_C_LANGUAGE_STANDARD = gnu11;
				GCC_NO_COMMON_BLOCKS = YES;
				GCC_WARN_64_TO_32_BIT_CONVERSION = YES;
				GCC_WARN_ABOUT_RETURN_TYPE = YES_ERROR;
				GCC_WARN_UNDECLARED_SELECTOR = YES;
				GCC_WARN_UNINITIALIZED_AUTOS = YES_AGGRESSIVE;
				GCC_WARN_UNUSED_FUNCTION = YES;
				GCC_WARN_UNUSED_VARIABLE = YES;
				IPHONEOS_DEPLOYMENT_TARGET = 16.4;
				MTL_ENABLE_DEBUG_INFO = NO;
				MTL_FAST_MATH = YES;
				SDKROOT = iphoneos;
				SWIFT_COMPILATION_MODE = wholemodule;
				SWIFT_OPTIMIZATION_LEVEL = "-O";
				VALIDATE_PRODUCT = YES;
			};
			name = Release;
		};
		7141A7462AA4637E0076D8F5 /* Debug */ = {
			isa = XCBuildConfiguration;
			buildSettings = {
				ASSETCATALOG_COMPILER_APPICON_NAME = AppIcon;
				ASSETCATALOG_COMPILER_GLOBAL_ACCENT_COLOR_NAME = AccentColor;
				CODE_SIGN_STYLE = Automatic;
				CURRENT_PROJECT_VERSION = 1;
				DEVELOPMENT_TEAM = J3XZ67KDFK;
				GENERATE_INFOPLIST_FILE = YES;
				INFOPLIST_FILE = autolayout_code_tutorial_01/Info.plist;
				INFOPLIST_KEY_UIApplicationSupportsIndirectInputEvents = YES;
				INFOPLIST_KEY_UILaunchStoryboardName = LaunchScreen;
				INFOPLIST_KEY_UIMainStoryboardFile = Main;
				INFOPLIST_KEY_UISupportedInterfaceOrientations_iPad = "UIInterfaceOrientationPortrait UIInterfaceOrientationPortraitUpsideDown UIInterfaceOrientationLandscapeLeft UIInterfaceOrientationLandscapeRight";
				INFOPLIST_KEY_UISupportedInterfaceOrientations_iPhone = "UIInterfaceOrientationPortrait UIInterfaceOrientationLandscapeLeft UIInterfaceOrientationLandscapeRight";
				LD_RUNPATH_SEARCH_PATHS = (
					"$(inherited)",
					"@executable_path/Frameworks",
				);
				MARKETING_VERSION = 1.0;
				PRODUCT_BUNDLE_IDENTIFIER = "Seonghyeon.autolayout-code-tutorial-01";
				PRODUCT_NAME = "$(TARGET_NAME)";
				SWIFT_EMIT_LOC_STRINGS = YES;
				SWIFT_VERSION = 5.0;
				TARGETED_DEVICE_FAMILY = "1,2";
			};
			name = Debug;
		};
		7141A7472AA4637E0076D8F5 /* Release */ = {
			isa = XCBuildConfiguration;
			buildSettings = {
				ASSETCATALOG_COMPILER_APPICON_NAME = AppIcon;
				ASSETCATALOG_COMPILER_GLOBAL_ACCENT_COLOR_NAME = AccentColor;
				CODE_SIGN_STYLE = Automatic;
				CURRENT_PROJECT_VERSION = 1;
				DEVELOPMENT_TEAM = J3XZ67KDFK;
				GENERATE_INFOPLIST_FILE = YES;
				INFOPLIST_FILE = autolayout_code_tutorial_01/Info.plist;
				INFOPLIST_KEY_UIApplicationSupportsIndirectInputEvents = YES;
				INFOPLIST_KEY_UILaunchStoryboardName = LaunchScreen;
				INFOPLIST_KEY_UIMainStoryboardFile = Main;
				INFOPLIST_KEY_UISupportedInterfaceOrientations_iPad = "UIInterfaceOrientationPortrait UIInterfaceOrientationPortraitUpsideDown UIInterfaceOrientationLandscapeLeft UIInterfaceOrientationLandscapeRight";
				INFOPLIST_KEY_UISupportedInterfaceOrientations_iPhone = "UIInterfaceOrientationPortrait UIInterfaceOrientationLandscapeLeft UIInterfaceOrientationLandscapeRight";
				LD_RUNPATH_SEARCH_PATHS = (
					"$(inherited)",
					"@executable_path/Frameworks",
				);
				MARKETING_VERSION = 1.0;
				PRODUCT_BUNDLE_IDENTIFIER = "Seonghyeon.autolayout-code-tutorial-01";
				PRODUCT_NAME = "$(TARGET_NAME)";
				SWIFT_EMIT_LOC_STRINGS = YES;
				SWIFT_VERSION = 5.0;
				TARGETED_DEVICE_FAMILY = "1,2";
			};
			name = Release;
		};
/* End XCBuildConfiguration section */

/* Begin XCConfigurationList section */
		7141A72C2AA4637C0076D8F5 /* Build configuration list for PBXProject "autolayout_code_tutorial_01" */ = {
			isa = XCConfigurationList;
			buildConfigurations = (
				7141A7432AA4637E0076D8F5 /* Debug */,
				7141A7442AA4637E0076D8F5 /* Release */,
			);
			defaultConfigurationIsVisible = 0;
			defaultConfigurationName = Release;
		};
		7141A7452AA4637E0076D8F5 /* Build configuration list for PBXNativeTarget "autolayout_code_tutorial_01" */ = {
			isa = XCConfigurationList;
			buildConfigurations = (
				7141A7462AA4637E0076D8F5 /* Debug */,
				7141A7472AA4637E0076D8F5 /* Release */,
			);
			defaultConfigurationIsVisible = 0;
			defaultConfigurationName = Release;
		};
/* End XCConfigurationList section */
	};
	rootObject = 7141A7292AA4637C0076D8F5 /* Project object */;
}
