// !$*UTF8*$!
{
	archiveVersion = 1;
	classes = {
	};
	objectVersion = 56;
	objects = {

/* Begin PBXBuildFile section */
		716AA3FB2AEFBBAB00ABD844 /* LandmarksApp.swift in Sources */ = {isa = PBXBuildFile; fileRef = 716AA3FA2AEFBBAB00ABD844 /* LandmarksApp.swift */; };
		716AA3FD2AEFBBAB00ABD844 /* ContentView.swift in Sources */ = {isa = PBXBuildFile; fileRef = 716AA3FC2AEFBBAB00ABD844 /* ContentView.swift */; };
		716AA3FF2AEFBBAD00ABD844 /* Assets.xcassets in Resources */ = {isa = PBXBuildFile; fileRef = 716AA3FE2AEFBBAD00ABD844 /* Assets.xcassets */; };
		716AA4022AEFBBAD00ABD844 /* Preview Assets.xcassets in Resources */ = {isa = PBXBuildFile; fileRef = 716AA4012AEFBBAD00ABD844 /* Preview Assets.xcassets */; };
		716AA4092AEFBE4800ABD844 /* CircleImage.swift in Sources */ = {isa = PBXBuildFile; fileRef = 716AA4082AEFBE4800ABD844 /* CircleImage.swift */; };
		716AA40B2AEFBEB700ABD844 /* MapView.swift in Sources */ = {isa = PBXBuildFile; fileRef = 716AA40A2AEFBEB700ABD844 /* MapView.swift */; };
		716AA4132AEFC3E400ABD844 /* Landmark.swift in Sources */ = {isa = PBXBuildFile; fileRef = 716AA4122AEFC3E400ABD844 /* Landmark.swift */; };
		716AA4152AEFC59500ABD844 /* landmarkData.json in Resources */ = {isa = PBXBuildFile; fileRef = 716AA4142AEFC59500ABD844 /* landmarkData.json */; };
		716AA4172AEFC66300ABD844 /* ModelData.swift in Sources */ = {isa = PBXBuildFile; fileRef = 716AA4162AEFC66300ABD844 /* ModelData.swift */; };
		716AA41C2AEFC82800ABD844 /* LandmarkRow.swift in Sources */ = {isa = PBXBuildFile; fileRef = 716AA41B2AEFC82800ABD844 /* LandmarkRow.swift */; };
		716AA41E2AF000E100ABD844 /* LandmarkList.swift in Sources */ = {isa = PBXBuildFile; fileRef = 716AA41D2AF000E100ABD844 /* LandmarkList.swift */; };
		716AA4202AF0021900ABD844 /* LandmarkDetail.swift in Sources */ = {isa = PBXBuildFile; fileRef = 716AA41F2AF0021900ABD844 /* LandmarkDetail.swift */; };
/* End PBXBuildFile section */

/* Begin PBXFileReference section */
		716AA3F72AEFBBAB00ABD844 /* Landmarks.app */ = {isa = PBXFileReference; explicitFileType = wrapper.application; includeInIndex = 0; path = Landmarks.app; sourceTree = BUILT_PRODUCTS_DIR; };
		716AA3FA2AEFBBAB00ABD844 /* LandmarksApp.swift */ = {isa = PBXFileReference; lastKnownFileType = sourcecode.swift; path = LandmarksApp.swift; sourceTree = "<group>"; };
		716AA3FC2AEFBBAB00ABD844 /* ContentView.swift */ = {isa = PBXFileReference; lastKnownFileType = sourcecode.swift; path = ContentView.swift; sourceTree = "<group>"; };
		716AA3FE2AEFBBAD00ABD844 /* Assets.xcassets */ = {isa = PBXFileReference; lastKnownFileType = folder.assetcatalog; path = Assets.xcassets; sourceTree = "<group>"; };
		716AA4012AEFBBAD00ABD844 /* Preview Assets.xcassets */ = {isa = PBXFileReference; lastKnownFileType = folder.assetcatalog; path = "Preview Assets.xcassets"; sourceTree = "<group>"; };
		716AA4082AEFBE4800ABD844 /* CircleImage.swift */ = {isa = PBXFileReference; lastKnownFileType = sourcecode.swift; path = CircleImage.swift; sourceTree = "<group>"; };
		716AA40A2AEFBEB700ABD844 /* MapView.swift */ = {isa = PBXFileReference; lastKnownFileType = sourcecode.swift; path = MapView.swift; sourceTree = "<group>"; };
		716AA4122AEFC3E400ABD844 /* Landmark.swift */ = {isa = PBXFileReference; lastKnownFileType = sourcecode.swift; path = Landmark.swift; sourceTree = "<group>"; };
		716AA4142AEFC59500ABD844 /* landmarkData.json */ = {isa = PBXFileReference; fileEncoding = 4; lastKnownFileType = text.json; path = landmarkData.json; sourceTree = "<group>"; };
		716AA4162AEFC66300ABD844 /* ModelData.swift */ = {isa = PBXFileReference; lastKnownFileType = sourcecode.swift; path = ModelData.swift; sourceTree = "<group>"; };
		716AA41B2AEFC82800ABD844 /* LandmarkRow.swift */ = {isa = PBXFileReference; lastKnownFileType = sourcecode.swift; path = LandmarkRow.swift; sourceTree = "<group>"; };
		716AA41D2AF000E100ABD844 /* LandmarkList.swift */ = {isa = PBXFileReference; lastKnownFileType = sourcecode.swift; path = LandmarkList.swift; sourceTree = "<group>"; };
		716AA41F2AF0021900ABD844 /* LandmarkDetail.swift */ = {isa = PBXFileReference; lastKnownFileType = sourcecode.swift; path = LandmarkDetail.swift; sourceTree = "<group>"; };
/* End PBXFileReference section */

/* Begin PBXFrameworksBuildPhase section */
		716AA3F42AEFBBAB00ABD844 /* Frameworks */ = {
			isa = PBXFrameworksBuildPhase;
			buildActionMask = 2147483647;
			files = (
			);
			runOnlyForDeploymentPostprocessing = 0;
		};
/* End PBXFrameworksBuildPhase section */

/* Begin PBXGroup section */
		716AA3EE2AEFBBAB00ABD844 = {
			isa = PBXGroup;
			children = (
				716AA3F92AEFBBAB00ABD844 /* Landmarks */,
				716AA3F82AEFBBAB00ABD844 /* Products */,
			);
			sourceTree = "<group>";
		};
		716AA3F82AEFBBAB00ABD844 /* Products */ = {
			isa = PBXGroup;
			children = (
				716AA3F72AEFBBAB00ABD844 /* Landmarks.app */,
			);
			name = Products;
			sourceTree = "<group>";
		};
		716AA3F92AEFBBAB00ABD844 /* Landmarks */ = {
			isa = PBXGroup;
			children = (
				716AA41A2AEFC76000ABD844 /* Resource */,
				716AA4192AEFC75000ABD844 /* Model */,
				716AA4182AEFC73E00ABD844 /* Views */,
				716AA3FA2AEFBBAB00ABD844 /* LandmarksApp.swift */,
				716AA3FE2AEFBBAD00ABD844 /* Assets.xcassets */,
				716AA4002AEFBBAD00ABD844 /* Preview Content */,
			);
			path = Landmarks;
			sourceTree = "<group>";
		};
		716AA4002AEFBBAD00ABD844 /* Preview Content */ = {
			isa = PBXGroup;
			children = (
				716AA4012AEFBBAD00ABD844 /* Preview Assets.xcassets */,
			);
			path = "Preview Content";
			sourceTree = "<group>";
		};
		716AA4182AEFC73E00ABD844 /* Views */ = {
			isa = PBXGroup;
			children = (
				716AA3FC2AEFBBAB00ABD844 /* ContentView.swift */,
				716AA4082AEFBE4800ABD844 /* CircleImage.swift */,
				716AA40A2AEFBEB700ABD844 /* MapView.swift */,
				716AA41B2AEFC82800ABD844 /* LandmarkRow.swift */,
				716AA41D2AF000E100ABD844 /* LandmarkList.swift */,
				716AA41F2AF0021900ABD844 /* LandmarkDetail.swift */,
			);
			path = Views;
			sourceTree = "<group>";
		};
		716AA4192AEFC75000ABD844 /* Model */ = {
			isa = PBXGroup;
			children = (
				716AA4122AEFC3E400ABD844 /* Landmark.swift */,
				716AA4162AEFC66300ABD844 /* ModelData.swift */,
			);
			path = Model;
			sourceTree = "<group>";
		};
		716AA41A2AEFC76000ABD844 /* Resource */ = {
			isa = PBXGroup;
			children = (
				716AA4142AEFC59500ABD844 /* landmarkData.json */,
			);
			path = Resource;
			sourceTree = "<group>";
		};
/* End PBXGroup section */

/* Begin PBXNativeTarget section */
		716AA3F62AEFBBAB00ABD844 /* Landmarks */ = {
			isa = PBXNativeTarget;
			buildConfigurationList = 716AA4052AEFBBAD00ABD844 /* Build configuration list for PBXNativeTarget "Landmarks" */;
			buildPhases = (
				716AA3F32AEFBBAB00ABD844 /* Sources */,
				716AA3F42AEFBBAB00ABD844 /* Frameworks */,
				716AA3F52AEFBBAB00ABD844 /* Resources */,
			);
			buildRules = (
			);
			dependencies = (
			);
			name = Landmarks;
			productName = Landmarks;
			productReference = 716AA3F72AEFBBAB00ABD844 /* Landmarks.app */;
			productType = "com.apple.product-type.application";
		};
/* End PBXNativeTarget section */

/* Begin PBXProject section */
		716AA3EF2AEFBBAB00ABD844 /* Project object */ = {
			isa = PBXProject;
			attributes = {
				BuildIndependentTargetsInParallel = 1;
				LastSwiftUpdateCheck = 1500;
				LastUpgradeCheck = 1500;
				TargetAttributes = {
					716AA3F62AEFBBAB00ABD844 = {
						CreatedOnToolsVersion = 15.0.1;
					};
				};
			};
			buildConfigurationList = 716AA3F22AEFBBAB00ABD844 /* Build configuration list for PBXProject "Landmarks" */;
			compatibilityVersion = "Xcode 14.0";
			developmentRegion = en;
			hasScannedForEncodings = 0;
			knownRegions = (
				en,
				Base,
			);
			mainGroup = 716AA3EE2AEFBBAB00ABD844;
			productRefGroup = 716AA3F82AEFBBAB00ABD844 /* Products */;
			projectDirPath = "";
			projectRoot = "";
			targets = (
				716AA3F62AEFBBAB00ABD844 /* Landmarks */,
			);
		};
/* End PBXProject section */

/* Begin PBXResourcesBuildPhase section */
		716AA3F52AEFBBAB00ABD844 /* Resources */ = {
			isa = PBXResourcesBuildPhase;
			buildActionMask = 2147483647;
			files = (
				716AA4022AEFBBAD00ABD844 /* Preview Assets.xcassets in Resources */,
				716AA3FF2AEFBBAD00ABD844 /* Assets.xcassets in Resources */,
				716AA4152AEFC59500ABD844 /* landmarkData.json in Resources */,
			);
			runOnlyForDeploymentPostprocessing = 0;
		};
/* End PBXResourcesBuildPhase section */

/* Begin PBXSourcesBuildPhase section */
		716AA3F32AEFBBAB00ABD844 /* Sources */ = {
			isa = PBXSourcesBuildPhase;
			buildActionMask = 2147483647;
			files = (
				716AA3FD2AEFBBAB00ABD844 /* ContentView.swift in Sources */,
				716AA40B2AEFBEB700ABD844 /* MapView.swift in Sources */,
				716AA3FB2AEFBBAB00ABD844 /* LandmarksApp.swift in Sources */,
				716AA41E2AF000E100ABD844 /* LandmarkList.swift in Sources */,
				716AA4202AF0021900ABD844 /* LandmarkDetail.swift in Sources */,
				716AA4092AEFBE4800ABD844 /* CircleImage.swift in Sources */,
				716AA4132AEFC3E400ABD844 /* Landmark.swift in Sources */,
				716AA41C2AEFC82800ABD844 /* LandmarkRow.swift in Sources */,
				716AA4172AEFC66300ABD844 /* ModelData.swift in Sources */,
			);
			runOnlyForDeploymentPostprocessing = 0;
		};
/* End PBXSourcesBuildPhase section */

/* Begin XCBuildConfiguration section */
		716AA4032AEFBBAD00ABD844 /* Debug */ = {
			isa = XCBuildConfiguration;
			buildSettings = {
				ALWAYS_SEARCH_USER_PATHS = NO;
				ASSETCATALOG_COMPILER_GENERATE_SWIFT_ASSET_SYMBOL_EXTENSIONS = YES;
				CLANG_ANALYZER_NONNULL = YES;
				CLANG_ANALYZER_NUMBER_OBJECT_CONVERSION = YES_AGGRESSIVE;
				CLANG_CXX_LANGUAGE_STANDARD = "gnu++20";
				CLANG_ENABLE_MODULES = YES;
				CLANG_ENABLE_OBJC_ARC = YES;
				CLANG_ENABLE_OBJC_WEAK = YES;
				CLANG_WARN_BLOCK_CAPTURE_AUTORELEASING = YES;
				CLANG_WARN_BOOL_CONVERSION = YES;
				CLANG_WARN_COMMA = YES;
				CLANG_WARN_CONSTANT_CONVERSION = YES;
				CLANG_WARN_DEPRECATED_OBJC_IMPLEMENTATIONS = YES;
				CLANG_WARN_DIRECT_OBJC_ISA_USAGE = YES_ERROR;
				CLANG_WARN_DOCUMENTATION_COMMENTS = YES;
				CLANG_WARN_EMPTY_BODY = YES;
				CLANG_WARN_ENUM_CONVERSION = YES;
				CLANG_WARN_INFINITE_RECURSION = YES;
				CLANG_WARN_INT_CONVERSION = YES;
				CLANG_WARN_NON_LITERAL_NULL_CONVERSION = YES;
				CLANG_WARN_OBJC_IMPLICIT_RETAIN_SELF = YES;
				CLANG_WARN_OBJC_LITERAL_CONVERSION = YES;
				CLANG_WARN_OBJC_ROOT_CLASS = YES_ERROR;
				CLANG_WARN_QUOTED_INCLUDE_IN_FRAMEWORK_HEADER = YES;
				CLANG_WARN_RANGE_LOOP_ANALYSIS = YES;
				CLANG_WARN_STRICT_PROTOTYPES = YES;
				CLANG_WARN_SUSPICIOUS_MOVE = YES;
				CLANG_WARN_UNGUARDED_AVAILABILITY = YES_AGGRESSIVE;
				CLANG_WARN_UNREACHABLE_CODE = YES;
				CLANG_WARN__DUPLICATE_METHOD_MATCH = YES;
				COPY_PHASE_STRIP = NO;
				DEBUG_INFORMATION_FORMAT = dwarf;
				ENABLE_STRICT_OBJC_MSGSEND = YES;
				ENABLE_TESTABILITY = YES;
				ENABLE_USER_SCRIPT_SANDBOXING = YES;
				GCC_C_LANGUAGE_STANDARD = gnu17;
				GCC_DYNAMIC_NO_PIC = NO;
				GCC_NO_COMMON_BLOCKS = YES;
				GCC_OPTIMIZATION_LEVEL = 0;
				GCC_PREPROCESSOR_DEFINITIONS = (
					"DEBUG=1",
					"$(inherited)",
				);
				GCC_WARN_64_TO_32_BIT_CONVERSION = YES;
				GCC_WARN_ABOUT_RETURN_TYPE = YES_ERROR;
				GCC_WARN_UNDECLARED_SELECTOR = YES;
				GCC_WARN_UNINITIALIZED_AUTOS = YES_AGGRESSIVE;
				GCC_WARN_UNUSED_FUNCTION = YES;
				GCC_WARN_UNUSED_VARIABLE = YES;
				IPHONEOS_DEPLOYMENT_TARGET = 17.0;
				LOCALIZATION_PREFERS_STRING_CATALOGS = YES;
				MTL_ENABLE_DEBUG_INFO = INCLUDE_SOURCE;
				MTL_FAST_MATH = YES;
				ONLY_ACTIVE_ARCH = YES;
				SDKROOT = iphoneos;
				SWIFT_ACTIVE_COMPILATION_CONDITIONS = "DEBUG $(inherited)";
				SWIFT_OPTIMIZATION_LEVEL = "-Onone";
			};
			name = Debug;
		};
		716AA4042AEFBBAD00ABD844 /* Release */ = {
			isa = XCBuildConfiguration;
			buildSettings = {
				ALWAYS_SEARCH_USER_PATHS = NO;
				ASSETCATALOG_COMPILER_GENERATE_SWIFT_ASSET_SYMBOL_EXTENSIONS = YES;
				CLANG_ANALYZER_NONNULL = YES;
				CLANG_ANALYZER_NUMBER_OBJECT_CONVERSION = YES_AGGRESSIVE;
				CLANG_CXX_LANGUAGE_STANDARD = "gnu++20";
				CLANG_ENABLE_MODULES = YES;
				CLANG_ENABLE_OBJC_ARC = YES;
				CLANG_ENABLE_OBJC_WEAK = YES;
				CLANG_WARN_BLOCK_CAPTURE_AUTORELEASING = YES;
				CLANG_WARN_BOOL_CONVERSION = YES;
				CLANG_WARN_COMMA = YES;
				CLANG_WARN_CONSTANT_CONVERSION = YES;
				CLANG_WARN_DEPRECATED_OBJC_IMPLEMENTATIONS = YES;
				CLANG_WARN_DIRECT_OBJC_ISA_USAGE = YES_ERROR;
				CLANG_WARN_DOCUMENTATION_COMMENTS = YES;
				CLANG_WARN_EMPTY_BODY = YES;
				CLANG_WARN_ENUM_CONVERSION = YES;
				CLANG_WARN_INFINITE_RECURSION = YES;
				CLANG_WARN_INT_CONVERSION = YES;
				CLANG_WARN_NON_LITERAL_NULL_CONVERSION = YES;
				CLANG_WARN_OBJC_IMPLICIT_RETAIN_SELF = YES;
				CLANG_WARN_OBJC_LITERAL_CONVERSION = YES;
				CLANG_WARN_OBJC_ROOT_CLASS = YES_ERROR;
				CLANG_WARN_QUOTED_INCLUDE_IN_FRAMEWORK_HEADER = YES;
				CLANG_WARN_RANGE_LOOP_ANALYSIS = YES;
				CLANG_WARN_STRICT_PROTOTYPES = YES;
				CLANG_WARN_SUSPICIOUS_MOVE = YES;
				CLANG_WARN_UNGUARDED_AVAILABILITY = YES_AGGRESSIVE;
				CLANG_WARN_UNREACHABLE_CODE = YES;
				CLANG_WARN__DUPLICATE_METHOD_MATCH = YES;
				COPY_PHASE_STRIP = NO;
				DEBUG_INFORMATION_FORMAT = "dwarf-with-dsym";
				ENABLE_NS_ASSERTIONS = NO;
				ENABLE_STRICT_OBJC_MSGSEND = YES;
				ENABLE_USER_SCRIPT_SANDBOXING = YES;
				GCC_C_LANGUAGE_STANDARD = gnu17;
				GCC_NO_COMMON_BLOCKS = YES;
				GCC_WARN_64_TO_32_BIT_CONVERSION = YES;
				GCC_WARN_ABOUT_RETURN_TYPE = YES_ERROR;
				GCC_WARN_UNDECLARED_SELECTOR = YES;
				GCC_WARN_UNINITIALIZED_AUTOS = YES_AGGRESSIVE;
				GCC_WARN_UNUSED_FUNCTION = YES;
				GCC_WARN_UNUSED_VARIABLE = YES;
				IPHONEOS_DEPLOYMENT_TARGET = 17.0;
				LOCALIZATION_PREFERS_STRING_CATALOGS = YES;
				MTL_ENABLE_DEBUG_INFO = NO;
				MTL_FAST_MATH = YES;
				SDKROOT = iphoneos;
				SWIFT_COMPILATION_MODE = wholemodule;
				VALIDATE_PRODUCT = YES;
			};
			name = Release;
		};
		716AA4062AEFBBAD00ABD844 /* Debug */ = {
			isa = XCBuildConfiguration;
			buildSettings = {
				ASSETCATALOG_COMPILER_APPICON_NAME = AppIcon;
				ASSETCATALOG_COMPILER_GLOBAL_ACCENT_COLOR_NAME = AccentColor;
				CODE_SIGN_STYLE = Automatic;
				CURRENT_PROJECT_VERSION = 1;
				DEVELOPMENT_ASSET_PATHS = "\"Landmarks/Preview Content\"";
				DEVELOPMENT_TEAM = J3XZ67KDFK;
				ENABLE_PREVIEWS = YES;
				GENERATE_INFOPLIST_FILE = YES;
				INFOPLIST_KEY_UIApplicationSceneManifest_Generation = YES;
				INFOPLIST_KEY_UIApplicationSupportsIndirectInputEvents = YES;
				INFOPLIST_KEY_UILaunchScreen_Generation = YES;
				INFOPLIST_KEY_UISupportedInterfaceOrientations_iPad = "UIInterfaceOrientationPortrait UIInterfaceOrientationPortraitUpsideDown UIInterfaceOrientationLandscapeLeft UIInterfaceOrientationLandscapeRight";
				INFOPLIST_KEY_UISupportedInterfaceOrientations_iPhone = "UIInterfaceOrientationPortrait UIInterfaceOrientationLandscapeLeft UIInterfaceOrientationLandscapeRight";
				LD_RUNPATH_SEARCH_PATHS = (
					"$(inherited)",
					"@executable_path/Frameworks",
				);
				MARKETING_VERSION = 1.0;
				PRODUCT_BUNDLE_IDENTIFIER = Seonghyeon.Landmarks;
				PRODUCT_NAME = "$(TARGET_NAME)";
				SWIFT_EMIT_LOC_STRINGS = YES;
				SWIFT_VERSION = 5.0;
				TARGETED_DEVICE_FAMILY = "1,2";
			};
			name = Debug;
		};
		716AA4072AEFBBAD00ABD844 /* Release */ = {
			isa = XCBuildConfiguration;
			buildSettings = {
				ASSETCATALOG_COMPILER_APPICON_NAME = AppIcon;
				ASSETCATALOG_COMPILER_GLOBAL_ACCENT_COLOR_NAME = AccentColor;
				CODE_SIGN_STYLE = Automatic;
				CURRENT_PROJECT_VERSION = 1;
				DEVELOPMENT_ASSET_PATHS = "\"Landmarks/Preview Content\"";
				DEVELOPMENT_TEAM = J3XZ67KDFK;
				ENABLE_PREVIEWS = YES;
				GENERATE_INFOPLIST_FILE = YES;
				INFOPLIST_KEY_UIApplicationSceneManifest_Generation = YES;
				INFOPLIST_KEY_UIApplicationSupportsIndirectInputEvents = YES;
				INFOPLIST_KEY_UILaunchScreen_Generation = YES;
				INFOPLIST_KEY_UISupportedInterfaceOrientations_iPad = "UIInterfaceOrientationPortrait UIInterfaceOrientationPortraitUpsideDown UIInterfaceOrientationLandscapeLeft UIInterfaceOrientationLandscapeRight";
				INFOPLIST_KEY_UISupportedInterfaceOrientations_iPhone = "UIInterfaceOrientationPortrait UIInterfaceOrientationLandscapeLeft UIInterfaceOrientationLandscapeRight";
				LD_RUNPATH_SEARCH_PATHS = (
					"$(inherited)",
					"@executable_path/Frameworks",
				);
				MARKETING_VERSION = 1.0;
				PRODUCT_BUNDLE_IDENTIFIER = Seonghyeon.Landmarks;
				PRODUCT_NAME = "$(TARGET_NAME)";
				SWIFT_EMIT_LOC_STRINGS = YES;
				SWIFT_VERSION = 5.0;
				TARGETED_DEVICE_FAMILY = "1,2";
			};
			name = Release;
		};
/* End XCBuildConfiguration section */

/* Begin XCConfigurationList section */
		716AA3F22AEFBBAB00ABD844 /* Build configuration list for PBXProject "Landmarks" */ = {
			isa = XCConfigurationList;
			buildConfigurations = (
				716AA4032AEFBBAD00ABD844 /* Debug */,
				716AA4042AEFBBAD00ABD844 /* Release */,
			);
			defaultConfigurationIsVisible = 0;
			defaultConfigurationName = Release;
		};
		716AA4052AEFBBAD00ABD844 /* Build configuration list for PBXNativeTarget "Landmarks" */ = {
			isa = XCConfigurationList;
			buildConfigurations = (
				716AA4062AEFBBAD00ABD844 /* Debug */,
				716AA4072AEFBBAD00ABD844 /* Release */,
			);
			defaultConfigurationIsVisible = 0;
			defaultConfigurationName = Release;
		};
/* End XCConfigurationList section */
	};
	rootObject = 716AA3EF2AEFBBAB00ABD844 /* Project object */;
}
